PODS:
  - CoreDataStackManager (0.9.0)
  - SwiftSoup (1.7.4)

DEPENDENCIES:
  - CoreDataStackManager
  - SwiftSoup

SPEC REPOS:
  https://github.com/cocoapods/specs.git:
    - CoreDataStackManager
    - SwiftSoup

SPEC CHECKSUMS:
  CoreDataStackManager: 00b890d5c9a933c7c92142f7ab199c491c05c9da
  SwiftSoup: 92f5b348c131aed8af04f4326db1579ab19fa08c

PODFILE CHECKSUM: 7e487930e5e469a9e09aa124c9dfd5aaf1add56c

COCOAPODS: 1.5.3
