// !$*UTF8*$!
{
	archiveVersion = 1;
	classes = {
	};
	objectVersion = 48;
	objects = {

/* Begin PBXBuildFile section */
		0B48652A9B9CCD725D88943B /* Pods_Smash.framework in Frameworks */ = {isa = PBXBuildFile; fileRef = 964D7DE42A1FB4AD624A694C /* Pods_Smash.framework */; };
		1DBA9745D0F1967703AC815F /* Pods_SmashKitWatch.framework in Frameworks */ = {isa = PBXBuildFile; fileRef = ABED33B716805363455BA9AD /* Pods_SmashKitWatch.framework */; };
		3A10FC51499789E5F40A6C90 /* Pods_SmashKit.framework in Frameworks */ = {isa = PBXBuildFile; fileRef = 10EA1FA6A8529564575F992D /* Pods_SmashKit.framework */; };
		3A45C9AFCA8E736BDCC7E063 /* Pods_SmashWatch_Extension.framework in Frameworks */ = {isa = PBXBuildFile; fileRef = F8D20D2F84B33B6EDBF6FFE0 /* Pods_SmashWatch_Extension.framework */; };
		96064130207851DB00EE6BDF /* PlayerResultCell.xib in Resources */ = {isa = PBXBuildFile; fileRef = 9606412F207851DB00EE6BDF /* PlayerResultCell.xib */; };
		96064132207853CC00EE6BDF /* PlayerResultCell.swift in Sources */ = {isa = PBXBuildFile; fileRef = 96064131207853CC00EE6BDF /* PlayerResultCell.swift */; };
		960641342078598300EE6BDF /* PlayerResultCellExtension.swift in Sources */ = {isa = PBXBuildFile; fileRef = 960641332078598300EE6BDF /* PlayerResultCellExtension.swift */; };
		960641362078605300EE6BDF /* LeagueSessionDetailsViewController.swift in Sources */ = {isa = PBXBuildFile; fileRef = 960641352078605300EE6BDF /* LeagueSessionDetailsViewController.swift */; };
		960641382078674200EE6BDF /* Segues.swift in Sources */ = {isa = PBXBuildFile; fileRef = 960641372078674200EE6BDF /* Segues.swift */; };
		960948732043B318009086CE /* SessionGroupReport.html in Resources */ = {isa = PBXBuildFile; fileRef = 960948712043B200009086CE /* SessionGroupReport.html */; };
		9609487E2043B3C3009086CE /* SmashUIKit.h in Headers */ = {isa = PBXBuildFile; fileRef = 9609487C2043B3C3009086CE /* SmashUIKit.h */; settings = {ATTRIBUTES = (Public, ); }; };
		960948812043B3C3009086CE /* SmashUIKit.framework in Frameworks */ = {isa = PBXBuildFile; fileRef = 9609487A2043B3C3009086CE /* SmashUIKit.framework */; };
		960948822043B3C3009086CE /* SmashUIKit.framework in Embed Frameworks */ = {isa = PBXBuildFile; fileRef = 9609487A2043B3C3009086CE /* SmashUIKit.framework */; settings = {ATTRIBUTES = (CodeSignOnCopy, RemoveHeadersOnCopy, ); }; };
		960948882043B412009086CE /* MatchResultCell.swift in Sources */ = {isa = PBXBuildFile; fileRef = 960948872043B412009086CE /* MatchResultCell.swift */; };
		9609488A2043B41D009086CE /* MatchResultCell.xib in Resources */ = {isa = PBXBuildFile; fileRef = 960948892043B41D009086CE /* MatchResultCell.xib */; };
		9609488C2043B63C009086CE /* Assets.xcassets in Resources */ = {isa = PBXBuildFile; fileRef = 9609488B2043B63C009086CE /* Assets.xcassets */; };
		9609488F2043B991009086CE /* UIColor+ColorAssets.swift in Sources */ = {isa = PBXBuildFile; fileRef = 9609488E2043B991009086CE /* UIColor+ColorAssets.swift */; };
		96094892204504E6009086CE /* Constants.swift in Sources */ = {isa = PBXBuildFile; fileRef = 96094891204504E6009086CE /* Constants.swift */; };
		9609489420450A5F009086CE /* LeagueSession.swift in Sources */ = {isa = PBXBuildFile; fileRef = 9609489320450A5F009086CE /* LeagueSession.swift */; };
		960948962049B6D0009086CE /* LeagueSessionCell.swift in Sources */ = {isa = PBXBuildFile; fileRef = 960948952049B6D0009086CE /* LeagueSessionCell.swift */; };
		960948982049B753009086CE /* LeagueSessionCellExtension.swift in Sources */ = {isa = PBXBuildFile; fileRef = 960948972049B753009086CE /* LeagueSessionCellExtension.swift */; };
		9609489A2049BA1B009086CE /* LeagueSessionsViewController.swift in Sources */ = {isa = PBXBuildFile; fileRef = 960948992049BA1B009086CE /* LeagueSessionsViewController.swift */; };
		9609489C2049C1AC009086CE /* PlayerSessionDetailsViewController.swift in Sources */ = {isa = PBXBuildFile; fileRef = 9609489B2049C1AC009086CE /* PlayerSessionDetailsViewController.swift */; };
		9609489E2049DA3E009086CE /* PlayerDetailsView.swift in Sources */ = {isa = PBXBuildFile; fileRef = 9609489D2049DA3E009086CE /* PlayerDetailsView.swift */; };
		960948A02049DA44009086CE /* PlayerDetailsView.xib in Resources */ = {isa = PBXBuildFile; fileRef = 9609489F2049DA44009086CE /* PlayerDetailsView.xib */; };
		960948A22049DB13009086CE /* IconFallbackImageView.swift in Sources */ = {isa = PBXBuildFile; fileRef = 960948A12049DB13009086CE /* IconFallbackImageView.swift */; };
		960948A42049DB5F009086CE /* IconFallbackImageView.xib in Resources */ = {isa = PBXBuildFile; fileRef = 960948A32049DB5F009086CE /* IconFallbackImageView.xib */; };
		960948A62049DB99009086CE /* UIView+AddSubviewFullFrame.swift in Sources */ = {isa = PBXBuildFile; fileRef = 960948A52049DB99009086CE /* UIView+AddSubviewFullFrame.swift */; };
		960948A82049E868009086CE /* PlayerDetailsViewExtension.swift in Sources */ = {isa = PBXBuildFile; fileRef = 960948A72049E868009086CE /* PlayerDetailsViewExtension.swift */; };
		961C8BDC218BED6900542CD6 /* NewMatchInterfaceController.swift in Sources */ = {isa = PBXBuildFile; fileRef = 961C8BDB218BED6900542CD6 /* NewMatchInterfaceController.swift */; };
		961C8BE6218CC5A300542CD6 /* SmashKitWatch.h in Headers */ = {isa = PBXBuildFile; fileRef = 961C8BE4218CC5A300542CD6 /* SmashKitWatch.h */; settings = {ATTRIBUTES = (Public, ); }; };
		961C8BE9218CC5A300542CD6 /* SmashKitWatch.framework in Frameworks */ = {isa = PBXBuildFile; fileRef = 961C8BE2218CC5A300542CD6 /* SmashKitWatch.framework */; };
		961C8BEA218CC5A300542CD6 /* SmashKitWatch.framework in Embed Frameworks */ = {isa = PBXBuildFile; fileRef = 961C8BE2218CC5A300542CD6 /* SmashKitWatch.framework */; settings = {ATTRIBUTES = (CodeSignOnCopy, RemoveHeadersOnCopy, ); }; };
		961C8BEF218CC5C600542CD6 /* TableTennisError.swift in Sources */ = {isa = PBXBuildFile; fileRef = 964663A12040E8570011C908 /* TableTennisError.swift */; };
		961C8BF0218CC5C600542CD6 /* Constants.swift in Sources */ = {isa = PBXBuildFile; fileRef = 964663AB2040E8D30011C908 /* Constants.swift */; };
		961C8BF1218CC5C600542CD6 /* Player.swift in Sources */ = {isa = PBXBuildFile; fileRef = 964663A32040E8620011C908 /* Player.swift */; };
		961C8BF2218CC5C600542CD6 /* Match.swift in Sources */ = {isa = PBXBuildFile; fileRef = 964663A52040E8700011C908 /* Match.swift */; };
		961C8BF3218CC5C600542CD6 /* LeagueSession.swift in Sources */ = {isa = PBXBuildFile; fileRef = 9609489320450A5F009086CE /* LeagueSession.swift */; };
		961C8BF4218CC5C600542CD6 /* GroupResult.swift in Sources */ = {isa = PBXBuildFile; fileRef = 9641A5A320474989008AC39F /* GroupResult.swift */; };
		961C8BF5218CC5C600542CD6 /* ScorekeepingSession.swift in Sources */ = {isa = PBXBuildFile; fileRef = 9698634A218BDE0500F78A1B /* ScorekeepingSession.swift */; };
		961C8BF6218CC5CA00542CD6 /* Model.xcdatamodeld in Sources */ = {isa = PBXBuildFile; fileRef = 96C29DD42048CF7900E1FBC1 /* Model.xcdatamodeld */; };
		961C8BF8218CC74400542CD6 /* Assets.xcassets in Resources */ = {isa = PBXBuildFile; fileRef = 961C8BF7218CC74400542CD6 /* Assets.xcassets */; };
		961C8BFA218CC86600542CD6 /* GameRowController.swift in Sources */ = {isa = PBXBuildFile; fileRef = 961C8BF9218CC86600542CD6 /* GameRowController.swift */; };
		961C8BFB218CCA0B00542CD6 /* SmashStackManager.swift in Sources */ = {isa = PBXBuildFile; fileRef = 96C29DD72048DC8900E1FBC1 /* SmashStackManager.swift */; };
		9641A599204747FD008AC39F /* MatchExtension.swift in Sources */ = {isa = PBXBuildFile; fileRef = 9641A598204747FD008AC39F /* MatchExtension.swift */; };
		9641A59B20474805008AC39F /* MatchResultCellExtension.swift in Sources */ = {isa = PBXBuildFile; fileRef = 9641A59A20474805008AC39F /* MatchResultCellExtension.swift */; };
		9641A59D2047484E008AC39F /* CellIdentifiers.swift in Sources */ = {isa = PBXBuildFile; fileRef = 9641A59C2047484E008AC39F /* CellIdentifiers.swift */; };
		9641A59F204748B4008AC39F /* Nibs.swift in Sources */ = {isa = PBXBuildFile; fileRef = 9641A59E204748B4008AC39F /* Nibs.swift */; };
		9641A5A420474989008AC39F /* GroupResult.swift in Sources */ = {isa = PBXBuildFile; fileRef = 9641A5A320474989008AC39F /* GroupResult.swift */; };
		9646637A2040E6B20011C908 /* AppDelegate.swift in Sources */ = {isa = PBXBuildFile; fileRef = 964663792040E6B20011C908 /* AppDelegate.swift */; };
		9646637F2040E6B20011C908 /* Main.storyboard in Resources */ = {isa = PBXBuildFile; fileRef = 9646637D2040E6B20011C908 /* Main.storyboard */; };
		964663842040E6B20011C908 /* Assets.xcassets in Resources */ = {isa = PBXBuildFile; fileRef = 964663832040E6B20011C908 /* Assets.xcassets */; };
		964663872040E6B20011C908 /* LaunchScreen.storyboard in Resources */ = {isa = PBXBuildFile; fileRef = 964663852040E6B20011C908 /* LaunchScreen.storyboard */; };
		964663972040E7F20011C908 /* SmashKit.h in Headers */ = {isa = PBXBuildFile; fileRef = 964663952040E7F20011C908 /* SmashKit.h */; settings = {ATTRIBUTES = (Public, ); }; };
		9646639A2040E7F20011C908 /* SmashKit.framework in Frameworks */ = {isa = PBXBuildFile; fileRef = 964663932040E7F20011C908 /* SmashKit.framework */; };
		9646639B2040E7F20011C908 /* SmashKit.framework in Embed Frameworks */ = {isa = PBXBuildFile; fileRef = 964663932040E7F20011C908 /* SmashKit.framework */; settings = {ATTRIBUTES = (CodeSignOnCopy, RemoveHeadersOnCopy, ); }; };
		964663A22040E8570011C908 /* TableTennisError.swift in Sources */ = {isa = PBXBuildFile; fileRef = 964663A12040E8570011C908 /* TableTennisError.swift */; };
		964663A42040E8620011C908 /* Player.swift in Sources */ = {isa = PBXBuildFile; fileRef = 964663A32040E8620011C908 /* Player.swift */; };
		964663A62040E8700011C908 /* Match.swift in Sources */ = {isa = PBXBuildFile; fileRef = 964663A52040E8700011C908 /* Match.swift */; };
		964663AA2040E8AB0011C908 /* Parser.swift in Sources */ = {isa = PBXBuildFile; fileRef = 964663A92040E8AB0011C908 /* Parser.swift */; };
		964663AC2040E8D30011C908 /* Constants.swift in Sources */ = {isa = PBXBuildFile; fileRef = 964663AB2040E8D30011C908 /* Constants.swift */; };
		96700EAF20460BF50029F7C1 /* TODO.md in Resources */ = {isa = PBXBuildFile; fileRef = 96700EAE20460BF50029F7C1 /* TODO.md */; };
		9698634B218BDE0500F78A1B /* ScorekeepingSession.swift in Sources */ = {isa = PBXBuildFile; fileRef = 9698634A218BDE0500F78A1B /* ScorekeepingSession.swift */; };
		96986352218BDF9700F78A1B /* Interface.storyboard in Resources */ = {isa = PBXBuildFile; fileRef = 96986350218BDF9700F78A1B /* Interface.storyboard */; };
		96986354218BDF9900F78A1B /* Assets.xcassets in Resources */ = {isa = PBXBuildFile; fileRef = 96986353218BDF9900F78A1B /* Assets.xcassets */; };
		9698635B218BDF9900F78A1B /* SmashWatch Extension.appex in Embed App Extensions */ = {isa = PBXBuildFile; fileRef = 9698635A218BDF9900F78A1B /* SmashWatch Extension.appex */; settings = {ATTRIBUTES = (RemoveHeadersOnCopy, ); }; };
		96986362218BDF9900F78A1B /* ExtensionDelegate.swift in Sources */ = {isa = PBXBuildFile; fileRef = 96986361218BDF9900F78A1B /* ExtensionDelegate.swift */; };
		96986366218BDF9900F78A1B /* Assets.xcassets in Resources */ = {isa = PBXBuildFile; fileRef = 96986365218BDF9900F78A1B /* Assets.xcassets */; };
		9698636B218BDF9900F78A1B /* SmashWatch.app in Embed Watch Content */ = {isa = PBXBuildFile; fileRef = 9698634E218BDF9700F78A1B /* SmashWatch.app */; };
		96986375218BE17F00F78A1B /* GameScoreInterfaceController.swift in Sources */ = {isa = PBXBuildFile; fileRef = 96986374218BE17F00F78A1B /* GameScoreInterfaceController.swift */; };
		96986377218BE36300F78A1B /* WKPickerItem+InitWithTitle.swift in Sources */ = {isa = PBXBuildFile; fileRef = 96986376218BE36300F78A1B /* WKPickerItem+InitWithTitle.swift */; };
		96C29DC820478F9900E1FBC1 /* NetworkController.swift in Sources */ = {isa = PBXBuildFile; fileRef = 96C29DC720478F9900E1FBC1 /* NetworkController.swift */; };
		96C29DCB20479B2B00E1FBC1 /* DownloadLeagueSessionsOperation.swift in Sources */ = {isa = PBXBuildFile; fileRef = 96C29DCA20479B2B00E1FBC1 /* DownloadLeagueSessionsOperation.swift */; };
		96C29DCD20479B4100E1FBC1 /* ParseLeagueSessionsOperation.swift in Sources */ = {isa = PBXBuildFile; fileRef = 96C29DCC20479B4100E1FBC1 /* ParseLeagueSessionsOperation.swift */; };
		96C29DCF20479B6800E1FBC1 /* DownloadSessionDetailsOperation.swift in Sources */ = {isa = PBXBuildFile; fileRef = 96C29DCE20479B6800E1FBC1 /* DownloadSessionDetailsOperation.swift */; };
		96C29DD120479BCC00E1FBC1 /* ParseSessionDetailsOperation.swift in Sources */ = {isa = PBXBuildFile; fileRef = 96C29DD020479BCC00E1FBC1 /* ParseSessionDetailsOperation.swift */; };
		96C29DD32048435E00E1FBC1 /* UserDefaults+PreferredPlayer.swift in Sources */ = {isa = PBXBuildFile; fileRef = 96C29DD22048435E00E1FBC1 /* UserDefaults+PreferredPlayer.swift */; };
		96C29DD62048CF7900E1FBC1 /* Model.xcdatamodeld in Sources */ = {isa = PBXBuildFile; fileRef = 96C29DD42048CF7900E1FBC1 /* Model.xcdatamodeld */; };
		96C29DD82048DC8900E1FBC1 /* SmashStackManager.swift in Sources */ = {isa = PBXBuildFile; fileRef = 96C29DD72048DC8900E1FBC1 /* SmashStackManager.swift */; };
/* End PBXBuildFile section */

/* Begin PBXContainerItemProxy section */
		9609487F2043B3C3009086CE /* PBXContainerItemProxy */ = {
			isa = PBXContainerItemProxy;
			containerPortal = 9646636E2040E6B20011C908 /* Project object */;
			proxyType = 1;
			remoteGlobalIDString = 960948792043B3C3009086CE;
			remoteInfo = SmashUIKit;
		};
		961C8BE7218CC5A300542CD6 /* PBXContainerItemProxy */ = {
			isa = PBXContainerItemProxy;
			containerPortal = 9646636E2040E6B20011C908 /* Project object */;
			proxyType = 1;
			remoteGlobalIDString = 961C8BE1218CC5A300542CD6;
			remoteInfo = SmashKitWatch;
		};
		964663982040E7F20011C908 /* PBXContainerItemProxy */ = {
			isa = PBXContainerItemProxy;
			containerPortal = 9646636E2040E6B20011C908 /* Project object */;
			proxyType = 1;
			remoteGlobalIDString = 964663922040E7F20011C908;
			remoteInfo = SmashKit;
		};
		9698635C218BDF9900F78A1B /* PBXContainerItemProxy */ = {
			isa = PBXContainerItemProxy;
			containerPortal = 9646636E2040E6B20011C908 /* Project object */;
			proxyType = 1;
			remoteGlobalIDString = 96986359218BDF9900F78A1B;
			remoteInfo = "SmashWatch Extension";
		};
		96986369218BDF9900F78A1B /* PBXContainerItemProxy */ = {
			isa = PBXContainerItemProxy;
			containerPortal = 9646636E2040E6B20011C908 /* Project object */;
			proxyType = 1;
			remoteGlobalIDString = 9698634D218BDF9700F78A1B;
			remoteInfo = SmashWatch;
		};
/* End PBXContainerItemProxy section */

/* Begin PBXCopyFilesBuildPhase section */
		961C8BEE218CC5A300542CD6 /* Embed Frameworks */ = {
			isa = PBXCopyFilesBuildPhase;
			buildActionMask = 2147483647;
			dstPath = "";
			dstSubfolderSpec = 10;
			files = (
				961C8BEA218CC5A300542CD6 /* SmashKitWatch.framework in Embed Frameworks */,
			);
			name = "Embed Frameworks";
			runOnlyForDeploymentPostprocessing = 0;
		};
		9646639F2040E7F20011C908 /* Embed Frameworks */ = {
			isa = PBXCopyFilesBuildPhase;
			buildActionMask = 2147483647;
			dstPath = "";
			dstSubfolderSpec = 10;
			files = (
				960948822043B3C3009086CE /* SmashUIKit.framework in Embed Frameworks */,
				9646639B2040E7F20011C908 /* SmashKit.framework in Embed Frameworks */,
			);
			name = "Embed Frameworks";
			runOnlyForDeploymentPostprocessing = 0;
		};
		9698636F218BDF9900F78A1B /* Embed App Extensions */ = {
			isa = PBXCopyFilesBuildPhase;
			buildActionMask = 2147483647;
			dstPath = "";
			dstSubfolderSpec = 13;
			files = (
				9698635B218BDF9900F78A1B /* SmashWatch Extension.appex in Embed App Extensions */,
			);
			name = "Embed App Extensions";
			runOnlyForDeploymentPostprocessing = 0;
		};
		96986373218BDF9900F78A1B /* Embed Watch Content */ = {
			isa = PBXCopyFilesBuildPhase;
			buildActionMask = 2147483647;
			dstPath = "$(CONTENTS_FOLDER_PATH)/Watch";
			dstSubfolderSpec = 16;
			files = (
				9698636B218BDF9900F78A1B /* SmashWatch.app in Embed Watch Content */,
			);
			name = "Embed Watch Content";
			runOnlyForDeploymentPostprocessing = 0;
		};
/* End PBXCopyFilesBuildPhase section */

/* Begin PBXFileReference section */
		0F2A091F09B58E6526ACE7E5 /* Pods-SmashKit.release.xcconfig */ = {isa = PBXFileReference; includeInIndex = 1; lastKnownFileType = text.xcconfig; name = "Pods-SmashKit.release.xcconfig"; path = "Pods/Target Support Files/Pods-SmashKit/Pods-SmashKit.release.xcconfig"; sourceTree = "<group>"; };
		10EA1FA6A8529564575F992D /* Pods_SmashKit.framework */ = {isa = PBXFileReference; explicitFileType = wrapper.framework; includeInIndex = 0; path = Pods_SmashKit.framework; sourceTree = BUILT_PRODUCTS_DIR; };
		66795013838C4CDCF7DD0259 /* Pods-Smash.release.xcconfig */ = {isa = PBXFileReference; includeInIndex = 1; lastKnownFileType = text.xcconfig; name = "Pods-Smash.release.xcconfig"; path = "Pods/Target Support Files/Pods-Smash/Pods-Smash.release.xcconfig"; sourceTree = "<group>"; };
		8B1CE01F9736D4E4CF66584E /* Pods-Smash.debug.xcconfig */ = {isa = PBXFileReference; includeInIndex = 1; lastKnownFileType = text.xcconfig; name = "Pods-Smash.debug.xcconfig"; path = "Pods/Target Support Files/Pods-Smash/Pods-Smash.debug.xcconfig"; sourceTree = "<group>"; };
		9606412F207851DB00EE6BDF /* PlayerResultCell.xib */ = {isa = PBXFileReference; lastKnownFileType = file.xib; path = PlayerResultCell.xib; sourceTree = "<group>"; };
		96064131207853CC00EE6BDF /* PlayerResultCell.swift */ = {isa = PBXFileReference; lastKnownFileType = sourcecode.swift; path = PlayerResultCell.swift; sourceTree = "<group>"; };
		960641332078598300EE6BDF /* PlayerResultCellExtension.swift */ = {isa = PBXFileReference; lastKnownFileType = sourcecode.swift; path = PlayerResultCellExtension.swift; sourceTree = "<group>"; };
		960641352078605300EE6BDF /* LeagueSessionDetailsViewController.swift */ = {isa = PBXFileReference; lastKnownFileType = sourcecode.swift; path = LeagueSessionDetailsViewController.swift; sourceTree = "<group>"; };
		960641372078674200EE6BDF /* Segues.swift */ = {isa = PBXFileReference; lastKnownFileType = sourcecode.swift; path = Segues.swift; sourceTree = "<group>"; };
		960948712043B200009086CE /* SessionGroupReport.html */ = {isa = PBXFileReference; fileEncoding = 4; lastKnownFileType = text.html; name = SessionGroupReport.html; path = "SmashKit/Dummy Data/SessionGroupReport.html"; sourceTree = SOURCE_ROOT; };
		9609487A2043B3C3009086CE /* SmashUIKit.framework */ = {isa = PBXFileReference; explicitFileType = wrapper.framework; includeInIndex = 0; path = SmashUIKit.framework; sourceTree = BUILT_PRODUCTS_DIR; };
		9609487C2043B3C3009086CE /* SmashUIKit.h */ = {isa = PBXFileReference; lastKnownFileType = sourcecode.c.h; path = SmashUIKit.h; sourceTree = "<group>"; };
		9609487D2043B3C3009086CE /* Info.plist */ = {isa = PBXFileReference; lastKnownFileType = text.plist.xml; path = Info.plist; sourceTree = "<group>"; };
		960948872043B412009086CE /* MatchResultCell.swift */ = {isa = PBXFileReference; lastKnownFileType = sourcecode.swift; path = MatchResultCell.swift; sourceTree = "<group>"; };
		960948892043B41D009086CE /* MatchResultCell.xib */ = {isa = PBXFileReference; lastKnownFileType = file.xib; path = MatchResultCell.xib; sourceTree = "<group>"; };
		9609488B2043B63C009086CE /* Assets.xcassets */ = {isa = PBXFileReference; lastKnownFileType = folder.assetcatalog; path = Assets.xcassets; sourceTree = "<group>"; };
		9609488E2043B991009086CE /* UIColor+ColorAssets.swift */ = {isa = PBXFileReference; lastKnownFileType = sourcecode.swift; path = "UIColor+ColorAssets.swift"; sourceTree = "<group>"; };
		96094891204504E6009086CE /* Constants.swift */ = {isa = PBXFileReference; lastKnownFileType = sourcecode.swift; path = Constants.swift; sourceTree = "<group>"; };
		9609489320450A5F009086CE /* LeagueSession.swift */ = {isa = PBXFileReference; lastKnownFileType = sourcecode.swift; path = LeagueSession.swift; sourceTree = "<group>"; };
		960948952049B6D0009086CE /* LeagueSessionCell.swift */ = {isa = PBXFileReference; lastKnownFileType = sourcecode.swift; path = LeagueSessionCell.swift; sourceTree = "<group>"; };
		960948972049B753009086CE /* LeagueSessionCellExtension.swift */ = {isa = PBXFileReference; lastKnownFileType = sourcecode.swift; path = LeagueSessionCellExtension.swift; sourceTree = "<group>"; };
		960948992049BA1B009086CE /* LeagueSessionsViewController.swift */ = {isa = PBXFileReference; lastKnownFileType = sourcecode.swift; path = LeagueSessionsViewController.swift; sourceTree = "<group>"; };
		9609489B2049C1AC009086CE /* PlayerSessionDetailsViewController.swift */ = {isa = PBXFileReference; lastKnownFileType = sourcecode.swift; path = PlayerSessionDetailsViewController.swift; sourceTree = "<group>"; };
		9609489D2049DA3E009086CE /* PlayerDetailsView.swift */ = {isa = PBXFileReference; lastKnownFileType = sourcecode.swift; path = PlayerDetailsView.swift; sourceTree = "<group>"; };
		9609489F2049DA44009086CE /* PlayerDetailsView.xib */ = {isa = PBXFileReference; lastKnownFileType = file.xib; path = PlayerDetailsView.xib; sourceTree = "<group>"; };
		960948A12049DB13009086CE /* IconFallbackImageView.swift */ = {isa = PBXFileReference; fileEncoding = 4; lastKnownFileType = sourcecode.swift; path = IconFallbackImageView.swift; sourceTree = "<group>"; };
		960948A32049DB5F009086CE /* IconFallbackImageView.xib */ = {isa = PBXFileReference; fileEncoding = 4; lastKnownFileType = file.xib; path = IconFallbackImageView.xib; sourceTree = "<group>"; };
		960948A52049DB99009086CE /* UIView+AddSubviewFullFrame.swift */ = {isa = PBXFileReference; lastKnownFileType = sourcecode.swift; path = "UIView+AddSubviewFullFrame.swift"; sourceTree = "<group>"; };
		960948A72049E868009086CE /* PlayerDetailsViewExtension.swift */ = {isa = PBXFileReference; lastKnownFileType = sourcecode.swift; path = PlayerDetailsViewExtension.swift; sourceTree = "<group>"; };
		961C8BDB218BED6900542CD6 /* NewMatchInterfaceController.swift */ = {isa = PBXFileReference; lastKnownFileType = sourcecode.swift; path = NewMatchInterfaceController.swift; sourceTree = "<group>"; };
		961C8BE2218CC5A300542CD6 /* SmashKitWatch.framework */ = {isa = PBXFileReference; explicitFileType = wrapper.framework; includeInIndex = 0; path = SmashKitWatch.framework; sourceTree = BUILT_PRODUCTS_DIR; };
		961C8BE4218CC5A300542CD6 /* SmashKitWatch.h */ = {isa = PBXFileReference; lastKnownFileType = sourcecode.c.h; path = SmashKitWatch.h; sourceTree = "<group>"; };
		961C8BE5218CC5A300542CD6 /* Info.plist */ = {isa = PBXFileReference; lastKnownFileType = text.plist.xml; path = Info.plist; sourceTree = "<group>"; };
		961C8BF7218CC74400542CD6 /* Assets.xcassets */ = {isa = PBXFileReference; lastKnownFileType = folder.assetcatalog; path = Assets.xcassets; sourceTree = "<group>"; };
		961C8BF9218CC86600542CD6 /* GameRowController.swift */ = {isa = PBXFileReference; lastKnownFileType = sourcecode.swift; path = GameRowController.swift; sourceTree = "<group>"; };
		9641A598204747FD008AC39F /* MatchExtension.swift */ = {isa = PBXFileReference; lastKnownFileType = sourcecode.swift; path = MatchExtension.swift; sourceTree = "<group>"; };
		9641A59A20474805008AC39F /* MatchResultCellExtension.swift */ = {isa = PBXFileReference; lastKnownFileType = sourcecode.swift; path = MatchResultCellExtension.swift; sourceTree = "<group>"; };
		9641A59C2047484E008AC39F /* CellIdentifiers.swift */ = {isa = PBXFileReference; lastKnownFileType = sourcecode.swift; path = CellIdentifiers.swift; sourceTree = "<group>"; };
		9641A59E204748B4008AC39F /* Nibs.swift */ = {isa = PBXFileReference; lastKnownFileType = sourcecode.swift; path = Nibs.swift; sourceTree = "<group>"; };
		9641A5A220474964008AC39F /* SessionGroupReportArchive.html */ = {isa = PBXFileReference; lastKnownFileType = text.html; path = SessionGroupReportArchive.html; sourceTree = "<group>"; };
		9641A5A320474989008AC39F /* GroupResult.swift */ = {isa = PBXFileReference; lastKnownFileType = sourcecode.swift; path = GroupResult.swift; sourceTree = "<group>"; };
		964663762040E6B20011C908 /* Smash.app */ = {isa = PBXFileReference; explicitFileType = wrapper.application; includeInIndex = 0; path = Smash.app; sourceTree = BUILT_PRODUCTS_DIR; };
		964663792040E6B20011C908 /* AppDelegate.swift */ = {isa = PBXFileReference; lastKnownFileType = sourcecode.swift; path = AppDelegate.swift; sourceTree = "<group>"; };
		9646637E2040E6B20011C908 /* Base */ = {isa = PBXFileReference; lastKnownFileType = file.storyboard; name = Base; path = Base.lproj/Main.storyboard; sourceTree = "<group>"; };
		964663832040E6B20011C908 /* Assets.xcassets */ = {isa = PBXFileReference; lastKnownFileType = folder.assetcatalog; path = Assets.xcassets; sourceTree = "<group>"; };
		964663862040E6B20011C908 /* Base */ = {isa = PBXFileReference; lastKnownFileType = file.storyboard; name = Base; path = Base.lproj/LaunchScreen.storyboard; sourceTree = "<group>"; };
		964663882040E6B20011C908 /* Info.plist */ = {isa = PBXFileReference; lastKnownFileType = text.plist.xml; path = Info.plist; sourceTree = "<group>"; };
		964663932040E7F20011C908 /* SmashKit.framework */ = {isa = PBXFileReference; explicitFileType = wrapper.framework; includeInIndex = 0; path = SmashKit.framework; sourceTree = BUILT_PRODUCTS_DIR; };
		964663952040E7F20011C908 /* SmashKit.h */ = {isa = PBXFileReference; lastKnownFileType = sourcecode.c.h; path = SmashKit.h; sourceTree = "<group>"; };
		964663962040E7F20011C908 /* Info.plist */ = {isa = PBXFileReference; lastKnownFileType = text.plist.xml; path = Info.plist; sourceTree = "<group>"; };
		964663A12040E8570011C908 /* TableTennisError.swift */ = {isa = PBXFileReference; lastKnownFileType = sourcecode.swift; path = TableTennisError.swift; sourceTree = "<group>"; };
		964663A32040E8620011C908 /* Player.swift */ = {isa = PBXFileReference; lastKnownFileType = sourcecode.swift; path = Player.swift; sourceTree = "<group>"; };
		964663A52040E8700011C908 /* Match.swift */ = {isa = PBXFileReference; lastKnownFileType = sourcecode.swift; path = Match.swift; sourceTree = "<group>"; };
		964663A92040E8AB0011C908 /* Parser.swift */ = {isa = PBXFileReference; lastKnownFileType = sourcecode.swift; path = Parser.swift; sourceTree = "<group>"; };
		964663AB2040E8D30011C908 /* Constants.swift */ = {isa = PBXFileReference; lastKnownFileType = sourcecode.swift; path = Constants.swift; sourceTree = "<group>"; };
		964D7DE42A1FB4AD624A694C /* Pods_Smash.framework */ = {isa = PBXFileReference; explicitFileType = wrapper.framework; includeInIndex = 0; path = Pods_Smash.framework; sourceTree = BUILT_PRODUCTS_DIR; };
		96700EAE20460BF50029F7C1 /* TODO.md */ = {isa = PBXFileReference; fileEncoding = 4; lastKnownFileType = net.daringfireball.markdown; path = TODO.md; sourceTree = "<group>"; };
		9698634A218BDE0500F78A1B /* ScorekeepingSession.swift */ = {isa = PBXFileReference; lastKnownFileType = sourcecode.swift; path = ScorekeepingSession.swift; sourceTree = "<group>"; };
		9698634E218BDF9700F78A1B /* SmashWatch.app */ = {isa = PBXFileReference; explicitFileType = wrapper.application; includeInIndex = 0; path = SmashWatch.app; sourceTree = BUILT_PRODUCTS_DIR; };
		96986351218BDF9700F78A1B /* Base */ = {isa = PBXFileReference; lastKnownFileType = file.storyboard; name = Base; path = Base.lproj/Interface.storyboard; sourceTree = "<group>"; };
		96986353218BDF9900F78A1B /* Assets.xcassets */ = {isa = PBXFileReference; lastKnownFileType = folder.assetcatalog; path = Assets.xcassets; sourceTree = "<group>"; };
		96986355218BDF9900F78A1B /* Info.plist */ = {isa = PBXFileReference; lastKnownFileType = text.plist.xml; path = Info.plist; sourceTree = "<group>"; };
		9698635A218BDF9900F78A1B /* SmashWatch Extension.appex */ = {isa = PBXFileReference; explicitFileType = "wrapper.app-extension"; includeInIndex = 0; path = "SmashWatch Extension.appex"; sourceTree = BUILT_PRODUCTS_DIR; };
		96986361218BDF9900F78A1B /* ExtensionDelegate.swift */ = {isa = PBXFileReference; lastKnownFileType = sourcecode.swift; path = ExtensionDelegate.swift; sourceTree = "<group>"; };
		96986365218BDF9900F78A1B /* Assets.xcassets */ = {isa = PBXFileReference; lastKnownFileType = folder.assetcatalog; path = Assets.xcassets; sourceTree = "<group>"; };
		96986367218BDF9900F78A1B /* Info.plist */ = {isa = PBXFileReference; lastKnownFileType = text.plist.xml; path = Info.plist; sourceTree = "<group>"; };
		96986374218BE17F00F78A1B /* GameScoreInterfaceController.swift */ = {isa = PBXFileReference; lastKnownFileType = sourcecode.swift; path = GameScoreInterfaceController.swift; sourceTree = "<group>"; };
		96986376218BE36300F78A1B /* WKPickerItem+InitWithTitle.swift */ = {isa = PBXFileReference; lastKnownFileType = sourcecode.swift; path = "WKPickerItem+InitWithTitle.swift"; sourceTree = "<group>"; };
		96C29DC720478F9900E1FBC1 /* NetworkController.swift */ = {isa = PBXFileReference; lastKnownFileType = sourcecode.swift; path = NetworkController.swift; sourceTree = "<group>"; };
		96C29DCA20479B2B00E1FBC1 /* DownloadLeagueSessionsOperation.swift */ = {isa = PBXFileReference; lastKnownFileType = sourcecode.swift; path = DownloadLeagueSessionsOperation.swift; sourceTree = "<group>"; };
		96C29DCC20479B4100E1FBC1 /* ParseLeagueSessionsOperation.swift */ = {isa = PBXFileReference; lastKnownFileType = sourcecode.swift; path = ParseLeagueSessionsOperation.swift; sourceTree = "<group>"; };
		96C29DCE20479B6800E1FBC1 /* DownloadSessionDetailsOperation.swift */ = {isa = PBXFileReference; lastKnownFileType = sourcecode.swift; path = DownloadSessionDetailsOperation.swift; sourceTree = "<group>"; };
		96C29DD020479BCC00E1FBC1 /* ParseSessionDetailsOperation.swift */ = {isa = PBXFileReference; lastKnownFileType = sourcecode.swift; path = ParseSessionDetailsOperation.swift; sourceTree = "<group>"; };
		96C29DD22048435E00E1FBC1 /* UserDefaults+PreferredPlayer.swift */ = {isa = PBXFileReference; lastKnownFileType = sourcecode.swift; path = "UserDefaults+PreferredPlayer.swift"; sourceTree = "<group>"; };
		96C29DD52048CF7900E1FBC1 /* Model.xcdatamodel */ = {isa = PBXFileReference; lastKnownFileType = wrapper.xcdatamodel; path = Model.xcdatamodel; sourceTree = "<group>"; };
		96C29DD72048DC8900E1FBC1 /* SmashStackManager.swift */ = {isa = PBXFileReference; lastKnownFileType = sourcecode.swift; name = SmashStackManager.swift; path = SmashKit/Model/SmashStackManager.swift; sourceTree = SOURCE_ROOT; };
		997E851DD14DE014B4D9283F /* Pods-SmashWatch Extension.debug.xcconfig */ = {isa = PBXFileReference; includeInIndex = 1; lastKnownFileType = text.xcconfig; name = "Pods-SmashWatch Extension.debug.xcconfig"; path = "Pods/Target Support Files/Pods-SmashWatch Extension/Pods-SmashWatch Extension.debug.xcconfig"; sourceTree = "<group>"; };
		9F1C07A5DF225CB1F5AE4E29 /* Pods-SmashKitWatch.release.xcconfig */ = {isa = PBXFileReference; includeInIndex = 1; lastKnownFileType = text.xcconfig; name = "Pods-SmashKitWatch.release.xcconfig"; path = "Pods/Target Support Files/Pods-SmashKitWatch/Pods-SmashKitWatch.release.xcconfig"; sourceTree = "<group>"; };
		A71FC007B7454C83041C2089 /* Pods-SmashWatch Extension.release.xcconfig */ = {isa = PBXFileReference; includeInIndex = 1; lastKnownFileType = text.xcconfig; name = "Pods-SmashWatch Extension.release.xcconfig"; path = "Pods/Target Support Files/Pods-SmashWatch Extension/Pods-SmashWatch Extension.release.xcconfig"; sourceTree = "<group>"; };
		ABED33B716805363455BA9AD /* Pods_SmashKitWatch.framework */ = {isa = PBXFileReference; explicitFileType = wrapper.framework; includeInIndex = 0; path = Pods_SmashKitWatch.framework; sourceTree = BUILT_PRODUCTS_DIR; };
		E6935E7A12165B6645C7947A /* Pods-SmashKitWatch.debug.xcconfig */ = {isa = PBXFileReference; includeInIndex = 1; lastKnownFileType = text.xcconfig; name = "Pods-SmashKitWatch.debug.xcconfig"; path = "Pods/Target Support Files/Pods-SmashKitWatch/Pods-SmashKitWatch.debug.xcconfig"; sourceTree = "<group>"; };
		ED739E0D57EE68B54CC39F70 /* Pods-SmashKit.debug.xcconfig */ = {isa = PBXFileReference; includeInIndex = 1; lastKnownFileType = text.xcconfig; name = "Pods-SmashKit.debug.xcconfig"; path = "Pods/Target Support Files/Pods-SmashKit/Pods-SmashKit.debug.xcconfig"; sourceTree = "<group>"; };
		F8D20D2F84B33B6EDBF6FFE0 /* Pods_SmashWatch_Extension.framework */ = {isa = PBXFileReference; explicitFileType = wrapper.framework; includeInIndex = 0; path = Pods_SmashWatch_Extension.framework; sourceTree = BUILT_PRODUCTS_DIR; };
/* End PBXFileReference section */

/* Begin PBXFrameworksBuildPhase section */
		960948762043B3C3009086CE /* Frameworks */ = {
			isa = PBXFrameworksBuildPhase;
			buildActionMask = 2147483647;
			files = (
			);
			runOnlyForDeploymentPostprocessing = 0;
		};
		961C8BDF218CC5A300542CD6 /* Frameworks */ = {
			isa = PBXFrameworksBuildPhase;
			buildActionMask = 2147483647;
			files = (
				1DBA9745D0F1967703AC815F /* Pods_SmashKitWatch.framework in Frameworks */,
			);
			runOnlyForDeploymentPostprocessing = 0;
		};
		964663732040E6B20011C908 /* Frameworks */ = {
			isa = PBXFrameworksBuildPhase;
			buildActionMask = 2147483647;
			files = (
				960948812043B3C3009086CE /* SmashUIKit.framework in Frameworks */,
				9646639A2040E7F20011C908 /* SmashKit.framework in Frameworks */,
				0B48652A9B9CCD725D88943B /* Pods_Smash.framework in Frameworks */,
			);
			runOnlyForDeploymentPostprocessing = 0;
		};
		9646638F2040E7F20011C908 /* Frameworks */ = {
			isa = PBXFrameworksBuildPhase;
			buildActionMask = 2147483647;
			files = (
				3A10FC51499789E5F40A6C90 /* Pods_SmashKit.framework in Frameworks */,
			);
			runOnlyForDeploymentPostprocessing = 0;
		};
		96986357218BDF9900F78A1B /* Frameworks */ = {
			isa = PBXFrameworksBuildPhase;
			buildActionMask = 2147483647;
			files = (
				961C8BE9218CC5A300542CD6 /* SmashKitWatch.framework in Frameworks */,
				3A45C9AFCA8E736BDCC7E063 /* Pods_SmashWatch_Extension.framework in Frameworks */,
			);
			runOnlyForDeploymentPostprocessing = 0;
		};
		E56177AE71D6F928C95C7198 /* Frameworks */ = {
			isa = PBXFrameworksBuildPhase;
			buildActionMask = 2147483647;
			files = (
			);
			runOnlyForDeploymentPostprocessing = 0;
		};
/* End PBXFrameworksBuildPhase section */

/* Begin PBXGroup section */
		9609487B2043B3C3009086CE /* SmashUIKit */ = {
			isa = PBXGroup;
			children = (
				9609487C2043B3C3009086CE /* SmashUIKit.h */,
				9609487D2043B3C3009086CE /* Info.plist */,
				9609488B2043B63C009086CE /* Assets.xcassets */,
				96094891204504E6009086CE /* Constants.swift */,
				960948862043B3DE009086CE /* Views */,
				9609488D2043B981009086CE /* Extensions */,
			);
			path = SmashUIKit;
			sourceTree = "<group>";
		};
		960948862043B3DE009086CE /* Views */ = {
			isa = PBXGroup;
			children = (
				960948872043B412009086CE /* MatchResultCell.swift */,
				960948892043B41D009086CE /* MatchResultCell.xib */,
				9609489D2049DA3E009086CE /* PlayerDetailsView.swift */,
				9609489F2049DA44009086CE /* PlayerDetailsView.xib */,
				96064131207853CC00EE6BDF /* PlayerResultCell.swift */,
				9606412F207851DB00EE6BDF /* PlayerResultCell.xib */,
				960948952049B6D0009086CE /* LeagueSessionCell.swift */,
				960948A12049DB13009086CE /* IconFallbackImageView.swift */,
				960948A32049DB5F009086CE /* IconFallbackImageView.xib */,
			);
			path = Views;
			sourceTree = "<group>";
		};
		9609488D2043B981009086CE /* Extensions */ = {
			isa = PBXGroup;
			children = (
				9609488E2043B991009086CE /* UIColor+ColorAssets.swift */,
				960948A52049DB99009086CE /* UIView+AddSubviewFullFrame.swift */,
			);
			path = Extensions;
			sourceTree = "<group>";
		};
		960948902044FFC3009086CE /* Utilities */ = {
			isa = PBXGroup;
			children = (
				964663882040E6B20011C908 /* Info.plist */,
				964663832040E6B20011C908 /* Assets.xcassets */,
				964663852040E6B20011C908 /* LaunchScreen.storyboard */,
			);
			path = Utilities;
			sourceTree = "<group>";
		};
		961C8BE3218CC5A300542CD6 /* SmashKitWatch */ = {
			isa = PBXGroup;
			children = (
				961C8BE4218CC5A300542CD6 /* SmashKitWatch.h */,
				961C8BE5218CC5A300542CD6 /* Info.plist */,
			);
			path = SmashKitWatch;
			sourceTree = "<group>";
		};
		9641A594204747C5008AC39F /* Extensions */ = {
			isa = PBXGroup;
			children = (
				9641A598204747FD008AC39F /* MatchExtension.swift */,
				9641A59A20474805008AC39F /* MatchResultCellExtension.swift */,
				960641332078598300EE6BDF /* PlayerResultCellExtension.swift */,
				960948972049B753009086CE /* LeagueSessionCellExtension.swift */,
				96C29DD22048435E00E1FBC1 /* UserDefaults+PreferredPlayer.swift */,
				960948A72049E868009086CE /* PlayerDetailsViewExtension.swift */,
			);
			path = Extensions;
			sourceTree = "<group>";
		};
		9641A595204747CE008AC39F /* Controllers */ = {
			isa = PBXGroup;
			children = (
				960948992049BA1B009086CE /* LeagueSessionsViewController.swift */,
				960641352078605300EE6BDF /* LeagueSessionDetailsViewController.swift */,
				9609489B2049C1AC009086CE /* PlayerSessionDetailsViewController.swift */,
			);
			path = Controllers;
			sourceTree = "<group>";
		};
		9641A5A020474949008AC39F /* Networking & Parsing */ = {
			isa = PBXGroup;
			children = (
				96C29DC920479B1B00E1FBC1 /* Operations */,
				964663A92040E8AB0011C908 /* Parser.swift */,
				96C29DC720478F9900E1FBC1 /* NetworkController.swift */,
				96C29DD72048DC8900E1FBC1 /* SmashStackManager.swift */,
			);
			path = "Networking & Parsing";
			sourceTree = "<group>";
		};
		9641A5A12047495F008AC39F /* Dummy Data */ = {
			isa = PBXGroup;
			children = (
				960948712043B200009086CE /* SessionGroupReport.html */,
				9641A5A220474964008AC39F /* SessionGroupReportArchive.html */,
			);
			path = "Dummy Data";
			sourceTree = "<group>";
		};
		9641A5A5204749BA008AC39F /* Constants */ = {
			isa = PBXGroup;
			children = (
				9641A59C2047484E008AC39F /* CellIdentifiers.swift */,
				9641A59E204748B4008AC39F /* Nibs.swift */,
				960641372078674200EE6BDF /* Segues.swift */,
			);
			path = Constants;
			sourceTree = "<group>";
		};
		9646636D2040E6B20011C908 = {
			isa = PBXGroup;
			children = (
				96700EAE20460BF50029F7C1 /* TODO.md */,
				964663782040E6B20011C908 /* Smash */,
				964663942040E7F20011C908 /* SmashKit */,
				961C8BE3218CC5A300542CD6 /* SmashKitWatch */,
				9609487B2043B3C3009086CE /* SmashUIKit */,
				9698634F218BDF9700F78A1B /* SmashWatch */,
				9698635E218BDF9900F78A1B /* SmashWatch Extension */,
				964663772040E6B20011C908 /* Products */,
				C3A5E3AEF29FDFD6975C9158 /* Pods */,
				C2256BF1E7D71B04B5C91ED1 /* Frameworks */,
			);
			sourceTree = "<group>";
		};
		964663772040E6B20011C908 /* Products */ = {
			isa = PBXGroup;
			children = (
				964663762040E6B20011C908 /* Smash.app */,
				964663932040E7F20011C908 /* SmashKit.framework */,
				9609487A2043B3C3009086CE /* SmashUIKit.framework */,
				9698634E218BDF9700F78A1B /* SmashWatch.app */,
				9698635A218BDF9900F78A1B /* SmashWatch Extension.appex */,
				961C8BE2218CC5A300542CD6 /* SmashKitWatch.framework */,
			);
			name = Products;
			sourceTree = "<group>";
		};
		964663782040E6B20011C908 /* Smash */ = {
			isa = PBXGroup;
			children = (
				9646637D2040E6B20011C908 /* Main.storyboard */,
				964663792040E6B20011C908 /* AppDelegate.swift */,
				9641A5A5204749BA008AC39F /* Constants */,
				9641A595204747CE008AC39F /* Controllers */,
				960948902044FFC3009086CE /* Utilities */,
				9641A594204747C5008AC39F /* Extensions */,
			);
			path = Smash;
			sourceTree = "<group>";
		};
		964663942040E7F20011C908 /* SmashKit */ = {
			isa = PBXGroup;
			children = (
				964663952040E7F20011C908 /* SmashKit.h */,
				964663962040E7F20011C908 /* Info.plist */,
				961C8BF7218CC74400542CD6 /* Assets.xcassets */,
				9641A5A12047495F008AC39F /* Dummy Data */,
				964663A02040E8440011C908 /* Model */,
				9641A5A020474949008AC39F /* Networking & Parsing */,
			);
			path = SmashKit;
			sourceTree = "<group>";
		};
		964663A02040E8440011C908 /* Model */ = {
			isa = PBXGroup;
			children = (
				964663A12040E8570011C908 /* TableTennisError.swift */,
				964663AB2040E8D30011C908 /* Constants.swift */,
				964663A32040E8620011C908 /* Player.swift */,
				964663A52040E8700011C908 /* Match.swift */,
				9609489320450A5F009086CE /* LeagueSession.swift */,
				9641A5A320474989008AC39F /* GroupResult.swift */,
				9698634A218BDE0500F78A1B /* ScorekeepingSession.swift */,
				96C29DD42048CF7900E1FBC1 /* Model.xcdatamodeld */,
			);
			path = Model;
			sourceTree = "<group>";
		};
		9698634F218BDF9700F78A1B /* SmashWatch */ = {
			isa = PBXGroup;
			children = (
				96986350218BDF9700F78A1B /* Interface.storyboard */,
				96986353218BDF9900F78A1B /* Assets.xcassets */,
				96986355218BDF9900F78A1B /* Info.plist */,
			);
			path = SmashWatch;
			sourceTree = "<group>";
		};
		9698635E218BDF9900F78A1B /* SmashWatch Extension */ = {
			isa = PBXGroup;
			children = (
				96986361218BDF9900F78A1B /* ExtensionDelegate.swift */,
				961C8BDB218BED6900542CD6 /* NewMatchInterfaceController.swift */,
				96986374218BE17F00F78A1B /* GameScoreInterfaceController.swift */,
				961C8BF9218CC86600542CD6 /* GameRowController.swift */,
				96986379218BE38000F78A1B /* Extensions */,
				96986378218BE37400F78A1B /* Utilities */,
			);
			path = "SmashWatch Extension";
			sourceTree = "<group>";
		};
		96986378218BE37400F78A1B /* Utilities */ = {
			isa = PBXGroup;
			children = (
				96986365218BDF9900F78A1B /* Assets.xcassets */,
				96986367218BDF9900F78A1B /* Info.plist */,
			);
			path = Utilities;
			sourceTree = "<group>";
		};
		96986379218BE38000F78A1B /* Extensions */ = {
			isa = PBXGroup;
			children = (
				96986376218BE36300F78A1B /* WKPickerItem+InitWithTitle.swift */,
			);
			path = Extensions;
			sourceTree = "<group>";
		};
		96C29DC920479B1B00E1FBC1 /* Operations */ = {
			isa = PBXGroup;
			children = (
				96C29DCA20479B2B00E1FBC1 /* DownloadLeagueSessionsOperation.swift */,
				96C29DCE20479B6800E1FBC1 /* DownloadSessionDetailsOperation.swift */,
				96C29DCC20479B4100E1FBC1 /* ParseLeagueSessionsOperation.swift */,
				96C29DD020479BCC00E1FBC1 /* ParseSessionDetailsOperation.swift */,
			);
			path = Operations;
			sourceTree = "<group>";
		};
		C2256BF1E7D71B04B5C91ED1 /* Frameworks */ = {
			isa = PBXGroup;
			children = (
				964D7DE42A1FB4AD624A694C /* Pods_Smash.framework */,
				10EA1FA6A8529564575F992D /* Pods_SmashKit.framework */,
				ABED33B716805363455BA9AD /* Pods_SmashKitWatch.framework */,
				F8D20D2F84B33B6EDBF6FFE0 /* Pods_SmashWatch_Extension.framework */,
			);
			name = Frameworks;
			sourceTree = "<group>";
		};
		C3A5E3AEF29FDFD6975C9158 /* Pods */ = {
			isa = PBXGroup;
			children = (
				8B1CE01F9736D4E4CF66584E /* Pods-Smash.debug.xcconfig */,
				66795013838C4CDCF7DD0259 /* Pods-Smash.release.xcconfig */,
				ED739E0D57EE68B54CC39F70 /* Pods-SmashKit.debug.xcconfig */,
				0F2A091F09B58E6526ACE7E5 /* Pods-SmashKit.release.xcconfig */,
				E6935E7A12165B6645C7947A /* Pods-SmashKitWatch.debug.xcconfig */,
				9F1C07A5DF225CB1F5AE4E29 /* Pods-SmashKitWatch.release.xcconfig */,
				997E851DD14DE014B4D9283F /* Pods-SmashWatch Extension.debug.xcconfig */,
				A71FC007B7454C83041C2089 /* Pods-SmashWatch Extension.release.xcconfig */,
			);
			name = Pods;
			sourceTree = "<group>";
		};
/* End PBXGroup section */

/* Begin PBXHeadersBuildPhase section */
		960948772043B3C3009086CE /* Headers */ = {
			isa = PBXHeadersBuildPhase;
			buildActionMask = 2147483647;
			files = (
				9609487E2043B3C3009086CE /* SmashUIKit.h in Headers */,
			);
			runOnlyForDeploymentPostprocessing = 0;
		};
		961C8BDD218CC5A300542CD6 /* Headers */ = {
			isa = PBXHeadersBuildPhase;
			buildActionMask = 2147483647;
			files = (
				961C8BE6218CC5A300542CD6 /* SmashKitWatch.h in Headers */,
			);
			runOnlyForDeploymentPostprocessing = 0;
		};
		964663902040E7F20011C908 /* Headers */ = {
			isa = PBXHeadersBuildPhase;
			buildActionMask = 2147483647;
			files = (
				964663972040E7F20011C908 /* SmashKit.h in Headers */,
			);
			runOnlyForDeploymentPostprocessing = 0;
		};
/* End PBXHeadersBuildPhase section */

/* Begin PBXNativeTarget section */
		960948792043B3C3009086CE /* SmashUIKit */ = {
			isa = PBXNativeTarget;
			buildConfigurationList = 960948832043B3C3009086CE /* Build configuration list for PBXNativeTarget "SmashUIKit" */;
			buildPhases = (
				960948752043B3C3009086CE /* Sources */,
				960948762043B3C3009086CE /* Frameworks */,
				960948772043B3C3009086CE /* Headers */,
				960948782043B3C3009086CE /* Resources */,
			);
			buildRules = (
			);
			dependencies = (
			);
			name = SmashUIKit;
			productName = SmashUIKit;
			productReference = 9609487A2043B3C3009086CE /* SmashUIKit.framework */;
			productType = "com.apple.product-type.framework";
		};
		961C8BE1218CC5A300542CD6 /* SmashKitWatch */ = {
			isa = PBXNativeTarget;
			buildConfigurationList = 961C8BEB218CC5A300542CD6 /* Build configuration list for PBXNativeTarget "SmashKitWatch" */;
			buildPhases = (
				AA571ECC35C16378553BF898 /* [CP] Check Pods Manifest.lock */,
				961C8BDD218CC5A300542CD6 /* Headers */,
				961C8BDE218CC5A300542CD6 /* Sources */,
				961C8BDF218CC5A300542CD6 /* Frameworks */,
				961C8BE0218CC5A300542CD6 /* Resources */,
			);
			buildRules = (
			);
			dependencies = (
			);
			name = SmashKitWatch;
			productName = SmashKitWatch;
			productReference = 961C8BE2218CC5A300542CD6 /* SmashKitWatch.framework */;
			productType = "com.apple.product-type.framework";
		};
		964663752040E6B20011C908 /* Smash */ = {
			isa = PBXNativeTarget;
			buildConfigurationList = 9646638B2040E6B20011C908 /* Build configuration list for PBXNativeTarget "Smash" */;
			buildPhases = (
				4335217067E719E15B541C59 /* [CP] Check Pods Manifest.lock */,
				964663722040E6B20011C908 /* Sources */,
				964663732040E6B20011C908 /* Frameworks */,
				964663742040E6B20011C908 /* Resources */,
				9646639F2040E7F20011C908 /* Embed Frameworks */,
				DCF95557CE54946F0139805D /* [CP] Embed Pods Frameworks */,
				96986373218BDF9900F78A1B /* Embed Watch Content */,
			);
			buildRules = (
			);
			dependencies = (
				964663992040E7F20011C908 /* PBXTargetDependency */,
				960948802043B3C3009086CE /* PBXTargetDependency */,
				9698636A218BDF9900F78A1B /* PBXTargetDependency */,
			);
			name = Smash;
			productName = Smash;
			productReference = 964663762040E6B20011C908 /* Smash.app */;
			productType = "com.apple.product-type.application";
		};
		964663922040E7F20011C908 /* SmashKit */ = {
			isa = PBXNativeTarget;
			buildConfigurationList = 9646639E2040E7F20011C908 /* Build configuration list for PBXNativeTarget "SmashKit" */;
			buildPhases = (
				330756A21034BB863FEE97A0 /* [CP] Check Pods Manifest.lock */,
				9646638E2040E7F20011C908 /* Sources */,
				9646638F2040E7F20011C908 /* Frameworks */,
				964663902040E7F20011C908 /* Headers */,
				964663912040E7F20011C908 /* Resources */,
			);
			buildRules = (
			);
			dependencies = (
			);
			name = SmashKit;
			productName = SmashKit;
			productReference = 964663932040E7F20011C908 /* SmashKit.framework */;
			productType = "com.apple.product-type.framework";
		};
		9698634D218BDF9700F78A1B /* SmashWatch */ = {
			isa = PBXNativeTarget;
			buildConfigurationList = 96986370218BDF9900F78A1B /* Build configuration list for PBXNativeTarget "SmashWatch" */;
			buildPhases = (
				9698634C218BDF9700F78A1B /* Resources */,
				9698636F218BDF9900F78A1B /* Embed App Extensions */,
				E56177AE71D6F928C95C7198 /* Frameworks */,
			);
			buildRules = (
			);
			dependencies = (
				9698635D218BDF9900F78A1B /* PBXTargetDependency */,
			);
			name = SmashWatch;
			productName = SmashWatch;
			productReference = 9698634E218BDF9700F78A1B /* SmashWatch.app */;
			productType = "com.apple.product-type.application.watchapp2";
		};
		96986359218BDF9900F78A1B /* SmashWatch Extension */ = {
			isa = PBXNativeTarget;
			buildConfigurationList = 9698636C218BDF9900F78A1B /* Build configuration list for PBXNativeTarget "SmashWatch Extension" */;
			buildPhases = (
				2DA050C7E66F9900AC2E2EC7 /* [CP] Check Pods Manifest.lock */,
				96986356218BDF9900F78A1B /* Sources */,
				96986357218BDF9900F78A1B /* Frameworks */,
				96986358218BDF9900F78A1B /* Resources */,
				961C8BEE218CC5A300542CD6 /* Embed Frameworks */,
				DA78086303EF54EB56AD1704 /* [CP] Embed Pods Frameworks */,
			);
			buildRules = (
			);
			dependencies = (
				961C8BE8218CC5A300542CD6 /* PBXTargetDependency */,
			);
			name = "SmashWatch Extension";
			productName = "SmashWatch Extension";
			productReference = 9698635A218BDF9900F78A1B /* SmashWatch Extension.appex */;
			productType = "com.apple.product-type.watchkit2-extension";
		};
/* End PBXNativeTarget section */

/* Begin PBXProject section */
		9646636E2040E6B20011C908 /* Project object */ = {
			isa = PBXProject;
			attributes = {
				LastSwiftUpdateCheck = 1010;
				LastUpgradeCheck = 0930;
				ORGANIZATIONNAME = "Jason Ji";
				TargetAttributes = {
					960948792043B3C3009086CE = {
						CreatedOnToolsVersion = 9.2;
						LastSwiftMigration = 1000;
						ProvisioningStyle = Automatic;
					};
					961C8BE1218CC5A300542CD6 = {
						CreatedOnToolsVersion = 10.1;
						ProvisioningStyle = Automatic;
					};
					964663752040E6B20011C908 = {
						CreatedOnToolsVersion = 9.2;
						LastSwiftMigration = 1000;
						ProvisioningStyle = Automatic;
					};
					964663922040E7F20011C908 = {
						CreatedOnToolsVersion = 9.2;
						LastSwiftMigration = 1000;
						ProvisioningStyle = Automatic;
					};
					9698634D218BDF9700F78A1B = {
						CreatedOnToolsVersion = 10.1;
						ProvisioningStyle = Automatic;
					};
					96986359218BDF9900F78A1B = {
						CreatedOnToolsVersion = 10.1;
						ProvisioningStyle = Automatic;
					};
				};
			};
			buildConfigurationList = 964663712040E6B20011C908 /* Build configuration list for PBXProject "Smash" */;
			compatibilityVersion = "Xcode 8.0";
			developmentRegion = en;
			hasScannedForEncodings = 0;
			knownRegions = (
				en,
				Base,
			);
			mainGroup = 9646636D2040E6B20011C908;
			productRefGroup = 964663772040E6B20011C908 /* Products */;
			projectDirPath = "";
			projectRoot = "";
			targets = (
				964663752040E6B20011C908 /* Smash */,
				964663922040E7F20011C908 /* SmashKit */,
				961C8BE1218CC5A300542CD6 /* SmashKitWatch */,
				960948792043B3C3009086CE /* SmashUIKit */,
				9698634D218BDF9700F78A1B /* SmashWatch */,
				96986359218BDF9900F78A1B /* SmashWatch Extension */,
			);
		};
/* End PBXProject section */

/* Begin PBXResourcesBuildPhase section */
		960948782043B3C3009086CE /* Resources */ = {
			isa = PBXResourcesBuildPhase;
			buildActionMask = 2147483647;
			files = (
				960948A02049DA44009086CE /* PlayerDetailsView.xib in Resources */,
				960948A42049DB5F009086CE /* IconFallbackImageView.xib in Resources */,
				96064130207851DB00EE6BDF /* PlayerResultCell.xib in Resources */,
				9609488C2043B63C009086CE /* Assets.xcassets in Resources */,
				9609488A2043B41D009086CE /* MatchResultCell.xib in Resources */,
			);
			runOnlyForDeploymentPostprocessing = 0;
		};
		961C8BE0218CC5A300542CD6 /* Resources */ = {
			isa = PBXResourcesBuildPhase;
			buildActionMask = 2147483647;
			files = (
			);
			runOnlyForDeploymentPostprocessing = 0;
		};
		964663742040E6B20011C908 /* Resources */ = {
			isa = PBXResourcesBuildPhase;
			buildActionMask = 2147483647;
			files = (
				964663872040E6B20011C908 /* LaunchScreen.storyboard in Resources */,
				964663842040E6B20011C908 /* Assets.xcassets in Resources */,
				9646637F2040E6B20011C908 /* Main.storyboard in Resources */,
				960948732043B318009086CE /* SessionGroupReport.html in Resources */,
				96700EAF20460BF50029F7C1 /* TODO.md in Resources */,
			);
			runOnlyForDeploymentPostprocessing = 0;
		};
		964663912040E7F20011C908 /* Resources */ = {
			isa = PBXResourcesBuildPhase;
			buildActionMask = 2147483647;
			files = (
				961C8BF8218CC74400542CD6 /* Assets.xcassets in Resources */,
			);
			runOnlyForDeploymentPostprocessing = 0;
		};
		9698634C218BDF9700F78A1B /* Resources */ = {
			isa = PBXResourcesBuildPhase;
			buildActionMask = 2147483647;
			files = (
				96986354218BDF9900F78A1B /* Assets.xcassets in Resources */,
				96986352218BDF9700F78A1B /* Interface.storyboard in Resources */,
			);
			runOnlyForDeploymentPostprocessing = 0;
		};
		96986358218BDF9900F78A1B /* Resources */ = {
			isa = PBXResourcesBuildPhase;
			buildActionMask = 2147483647;
			files = (
				96986366218BDF9900F78A1B /* Assets.xcassets in Resources */,
			);
			runOnlyForDeploymentPostprocessing = 0;
		};
/* End PBXResourcesBuildPhase section */

/* Begin PBXShellScriptBuildPhase section */
		2DA050C7E66F9900AC2E2EC7 /* [CP] Check Pods Manifest.lock */ = {
			isa = PBXShellScriptBuildPhase;
			buildActionMask = 2147483647;
			files = (
			);
			inputFileListPaths = (
			);
			inputPaths = (
				"${PODS_PODFILE_DIR_PATH}/Podfile.lock",
				"${PODS_ROOT}/Manifest.lock",
			);
			name = "[CP] Check Pods Manifest.lock";
			outputFileListPaths = (
			);
			outputPaths = (
				"$(DERIVED_FILE_DIR)/Pods-SmashWatch Extension-checkManifestLockResult.txt",
			);
			runOnlyForDeploymentPostprocessing = 0;
			shellPath = /bin/sh;
			shellScript = "diff \"${PODS_PODFILE_DIR_PATH}/Podfile.lock\" \"${PODS_ROOT}/Manifest.lock\" > /dev/null\nif [ $? != 0 ] ; then\n    # print error to STDERR\n    echo \"error: The sandbox is not in sync with the Podfile.lock. Run 'pod install' or update your CocoaPods installation.\" >&2\n    exit 1\nfi\n# This output is used by Xcode 'outputs' to avoid re-running this script phase.\necho \"SUCCESS\" > \"${SCRIPT_OUTPUT_FILE_0}\"\n";
			showEnvVarsInLog = 0;
		};
		330756A21034BB863FEE97A0 /* [CP] Check Pods Manifest.lock */ = {
			isa = PBXShellScriptBuildPhase;
			buildActionMask = 2147483647;
			files = (
			);
			inputPaths = (
				"${PODS_PODFILE_DIR_PATH}/Podfile.lock",
				"${PODS_ROOT}/Manifest.lock",
			);
			name = "[CP] Check Pods Manifest.lock";
			outputPaths = (
				"$(DERIVED_FILE_DIR)/Pods-SmashKit-checkManifestLockResult.txt",
			);
			runOnlyForDeploymentPostprocessing = 0;
			shellPath = /bin/sh;
			shellScript = "diff \"${PODS_PODFILE_DIR_PATH}/Podfile.lock\" \"${PODS_ROOT}/Manifest.lock\" > /dev/null\nif [ $? != 0 ] ; then\n    # print error to STDERR\n    echo \"error: The sandbox is not in sync with the Podfile.lock. Run 'pod install' or update your CocoaPods installation.\" >&2\n    exit 1\nfi\n# This output is used by Xcode 'outputs' to avoid re-running this script phase.\necho \"SUCCESS\" > \"${SCRIPT_OUTPUT_FILE_0}\"\n";
			showEnvVarsInLog = 0;
		};
		4335217067E719E15B541C59 /* [CP] Check Pods Manifest.lock */ = {
			isa = PBXShellScriptBuildPhase;
			buildActionMask = 2147483647;
			files = (
			);
			inputPaths = (
				"${PODS_PODFILE_DIR_PATH}/Podfile.lock",
				"${PODS_ROOT}/Manifest.lock",
			);
			name = "[CP] Check Pods Manifest.lock";
			outputPaths = (
				"$(DERIVED_FILE_DIR)/Pods-Smash-checkManifestLockResult.txt",
			);
			runOnlyForDeploymentPostprocessing = 0;
			shellPath = /bin/sh;
			shellScript = "diff \"${PODS_PODFILE_DIR_PATH}/Podfile.lock\" \"${PODS_ROOT}/Manifest.lock\" > /dev/null\nif [ $? != 0 ] ; then\n    # print error to STDERR\n    echo \"error: The sandbox is not in sync with the Podfile.lock. Run 'pod install' or update your CocoaPods installation.\" >&2\n    exit 1\nfi\n# This output is used by Xcode 'outputs' to avoid re-running this script phase.\necho \"SUCCESS\" > \"${SCRIPT_OUTPUT_FILE_0}\"\n";
			showEnvVarsInLog = 0;
		};
		AA571ECC35C16378553BF898 /* [CP] Check Pods Manifest.lock */ = {
			isa = PBXShellScriptBuildPhase;
			buildActionMask = 2147483647;
			files = (
			);
			inputFileListPaths = (
			);
			inputPaths = (
				"${PODS_PODFILE_DIR_PATH}/Podfile.lock",
				"${PODS_ROOT}/Manifest.lock",
			);
			name = "[CP] Check Pods Manifest.lock";
			outputFileListPaths = (
			);
			outputPaths = (
				"$(DERIVED_FILE_DIR)/Pods-SmashKitWatch-checkManifestLockResult.txt",
			);
			runOnlyForDeploymentPostprocessing = 0;
			shellPath = /bin/sh;
			shellScript = "diff \"${PODS_PODFILE_DIR_PATH}/Podfile.lock\" \"${PODS_ROOT}/Manifest.lock\" > /dev/null\nif [ $? != 0 ] ; then\n    # print error to STDERR\n    echo \"error: The sandbox is not in sync with the Podfile.lock. Run 'pod install' or update your CocoaPods installation.\" >&2\n    exit 1\nfi\n# This output is used by Xcode 'outputs' to avoid re-running this script phase.\necho \"SUCCESS\" > \"${SCRIPT_OUTPUT_FILE_0}\"\n";
			showEnvVarsInLog = 0;
		};
		DA78086303EF54EB56AD1704 /* [CP] Embed Pods Frameworks */ = {
			isa = PBXShellScriptBuildPhase;
			buildActionMask = 2147483647;
			files = (
			);
			inputFileListPaths = (
			);
			inputPaths = (
				"${SRCROOT}/Pods/Target Support Files/Pods-SmashWatch Extension/Pods-SmashWatch Extension-frameworks.sh",
				"${BUILT_PRODUCTS_DIR}/CoreDataStackManager-watchOS/CoreDataStackManager.framework",
			);
			name = "[CP] Embed Pods Frameworks";
			outputFileListPaths = (
			);
			outputPaths = (
				"${TARGET_BUILD_DIR}/${FRAMEWORKS_FOLDER_PATH}/CoreDataStackManager.framework",
			);
			runOnlyForDeploymentPostprocessing = 0;
			shellPath = /bin/sh;
			shellScript = "\"${SRCROOT}/Pods/Target Support Files/Pods-SmashWatch Extension/Pods-SmashWatch Extension-frameworks.sh\"\n";
			showEnvVarsInLog = 0;
		};
		DCF95557CE54946F0139805D /* [CP] Embed Pods Frameworks */ = {
			isa = PBXShellScriptBuildPhase;
			buildActionMask = 2147483647;
			files = (
			);
			inputPaths = (
				"${SRCROOT}/Pods/Target Support Files/Pods-Smash/Pods-Smash-frameworks.sh",
				"${BUILT_PRODUCTS_DIR}/CoreDataStackManager-iOS/CoreDataStackManager.framework",
				"${BUILT_PRODUCTS_DIR}/SwiftSoup/SwiftSoup.framework",
			);
			name = "[CP] Embed Pods Frameworks";
			outputPaths = (
				"${TARGET_BUILD_DIR}/${FRAMEWORKS_FOLDER_PATH}/CoreDataStackManager.framework",
				"${TARGET_BUILD_DIR}/${FRAMEWORKS_FOLDER_PATH}/SwiftSoup.framework",
			);
			runOnlyForDeploymentPostprocessing = 0;
			shellPath = /bin/sh;
			shellScript = "\"${SRCROOT}/Pods/Target Support Files/Pods-Smash/Pods-Smash-frameworks.sh\"\n";
			showEnvVarsInLog = 0;
		};
/* End PBXShellScriptBuildPhase section */

/* Begin PBXSourcesBuildPhase section */
		960948752043B3C3009086CE /* Sources */ = {
			isa = PBXSourcesBuildPhase;
			buildActionMask = 2147483647;
			files = (
				9609489E2049DA3E009086CE /* PlayerDetailsView.swift in Sources */,
				960948A62049DB99009086CE /* UIView+AddSubviewFullFrame.swift in Sources */,
				9609488F2043B991009086CE /* UIColor+ColorAssets.swift in Sources */,
				960948962049B6D0009086CE /* LeagueSessionCell.swift in Sources */,
				960948A22049DB13009086CE /* IconFallbackImageView.swift in Sources */,
				96064132207853CC00EE6BDF /* PlayerResultCell.swift in Sources */,
				960948882043B412009086CE /* MatchResultCell.swift in Sources */,
				96094892204504E6009086CE /* Constants.swift in Sources */,
			);
			runOnlyForDeploymentPostprocessing = 0;
		};
		961C8BDE218CC5A300542CD6 /* Sources */ = {
			isa = PBXSourcesBuildPhase;
			buildActionMask = 2147483647;
			files = (
				961C8BEF218CC5C600542CD6 /* TableTennisError.swift in Sources */,
				961C8BF3218CC5C600542CD6 /* LeagueSession.swift in Sources */,
				961C8BF4218CC5C600542CD6 /* GroupResult.swift in Sources */,
				961C8BF6218CC5CA00542CD6 /* Model.xcdatamodeld in Sources */,
				961C8BF1218CC5C600542CD6 /* Player.swift in Sources */,
				961C8BF5218CC5C600542CD6 /* ScorekeepingSession.swift in Sources */,
				961C8BF0218CC5C600542CD6 /* Constants.swift in Sources */,
				961C8BF2218CC5C600542CD6 /* Match.swift in Sources */,
				961C8BFB218CCA0B00542CD6 /* SmashStackManager.swift in Sources */,
			);
			runOnlyForDeploymentPostprocessing = 0;
		};
		964663722040E6B20011C908 /* Sources */ = {
			isa = PBXSourcesBuildPhase;
			buildActionMask = 2147483647;
			files = (
				9646637A2040E6B20011C908 /* AppDelegate.swift in Sources */,
				9641A59B20474805008AC39F /* MatchResultCellExtension.swift in Sources */,
				9641A599204747FD008AC39F /* MatchExtension.swift in Sources */,
				960641382078674200EE6BDF /* Segues.swift in Sources */,
				9641A59D2047484E008AC39F /* CellIdentifiers.swift in Sources */,
				9609489C2049C1AC009086CE /* PlayerSessionDetailsViewController.swift in Sources */,
				960948A82049E868009086CE /* PlayerDetailsViewExtension.swift in Sources */,
				960641362078605300EE6BDF /* LeagueSessionDetailsViewController.swift in Sources */,
				96C29DD32048435E00E1FBC1 /* UserDefaults+PreferredPlayer.swift in Sources */,
				960948982049B753009086CE /* LeagueSessionCellExtension.swift in Sources */,
				9641A59F204748B4008AC39F /* Nibs.swift in Sources */,
				9609489A2049BA1B009086CE /* LeagueSessionsViewController.swift in Sources */,
				960641342078598300EE6BDF /* PlayerResultCellExtension.swift in Sources */,
			);
			runOnlyForDeploymentPostprocessing = 0;
		};
		9646638E2040E7F20011C908 /* Sources */ = {
			isa = PBXSourcesBuildPhase;
			buildActionMask = 2147483647;
			files = (
				96C29DC820478F9900E1FBC1 /* NetworkController.swift in Sources */,
				9698634B218BDE0500F78A1B /* ScorekeepingSession.swift in Sources */,
				96C29DD82048DC8900E1FBC1 /* SmashStackManager.swift in Sources */,
				9609489420450A5F009086CE /* LeagueSession.swift in Sources */,
				96C29DCF20479B6800E1FBC1 /* DownloadSessionDetailsOperation.swift in Sources */,
				9641A5A420474989008AC39F /* GroupResult.swift in Sources */,
				964663A42040E8620011C908 /* Player.swift in Sources */,
				964663A22040E8570011C908 /* TableTennisError.swift in Sources */,
				96C29DCB20479B2B00E1FBC1 /* DownloadLeagueSessionsOperation.swift in Sources */,
				964663AA2040E8AB0011C908 /* Parser.swift in Sources */,
				96C29DCD20479B4100E1FBC1 /* ParseLeagueSessionsOperation.swift in Sources */,
				964663A62040E8700011C908 /* Match.swift in Sources */,
				964663AC2040E8D30011C908 /* Constants.swift in Sources */,
				96C29DD62048CF7900E1FBC1 /* Model.xcdatamodeld in Sources */,
				96C29DD120479BCC00E1FBC1 /* ParseSessionDetailsOperation.swift in Sources */,
			);
			runOnlyForDeploymentPostprocessing = 0;
		};
		96986356218BDF9900F78A1B /* Sources */ = {
			isa = PBXSourcesBuildPhase;
			buildActionMask = 2147483647;
			files = (
				961C8BFA218CC86600542CD6 /* GameRowController.swift in Sources */,
				961C8BDC218BED6900542CD6 /* NewMatchInterfaceController.swift in Sources */,
				96986362218BDF9900F78A1B /* ExtensionDelegate.swift in Sources */,
				96986375218BE17F00F78A1B /* GameScoreInterfaceController.swift in Sources */,
				96986377218BE36300F78A1B /* WKPickerItem+InitWithTitle.swift in Sources */,
			);
			runOnlyForDeploymentPostprocessing = 0;
		};
/* End PBXSourcesBuildPhase section */

/* Begin PBXTargetDependency section */
		960948802043B3C3009086CE /* PBXTargetDependency */ = {
			isa = PBXTargetDependency;
			target = 960948792043B3C3009086CE /* SmashUIKit */;
			targetProxy = 9609487F2043B3C3009086CE /* PBXContainerItemProxy */;
		};
		961C8BE8218CC5A300542CD6 /* PBXTargetDependency */ = {
			isa = PBXTargetDependency;
			target = 961C8BE1218CC5A300542CD6 /* SmashKitWatch */;
			targetProxy = 961C8BE7218CC5A300542CD6 /* PBXContainerItemProxy */;
		};
		964663992040E7F20011C908 /* PBXTargetDependency */ = {
			isa = PBXTargetDependency;
			target = 964663922040E7F20011C908 /* SmashKit */;
			targetProxy = 964663982040E7F20011C908 /* PBXContainerItemProxy */;
		};
		9698635D218BDF9900F78A1B /* PBXTargetDependency */ = {
			isa = PBXTargetDependency;
			target = 96986359218BDF9900F78A1B /* SmashWatch Extension */;
			targetProxy = 9698635C218BDF9900F78A1B /* PBXContainerItemProxy */;
		};
		9698636A218BDF9900F78A1B /* PBXTargetDependency */ = {
			isa = PBXTargetDependency;
			target = 9698634D218BDF9700F78A1B /* SmashWatch */;
			targetProxy = 96986369218BDF9900F78A1B /* PBXContainerItemProxy */;
		};
/* End PBXTargetDependency section */

/* Begin PBXVariantGroup section */
		9646637D2040E6B20011C908 /* Main.storyboard */ = {
			isa = PBXVariantGroup;
			children = (
				9646637E2040E6B20011C908 /* Base */,
			);
			name = Main.storyboard;
			sourceTree = "<group>";
		};
		964663852040E6B20011C908 /* LaunchScreen.storyboard */ = {
			isa = PBXVariantGroup;
			children = (
				964663862040E6B20011C908 /* Base */,
			);
			name = LaunchScreen.storyboard;
			sourceTree = "<group>";
		};
		96986350218BDF9700F78A1B /* Interface.storyboard */ = {
			isa = PBXVariantGroup;
			children = (
				96986351218BDF9700F78A1B /* Base */,
			);
			name = Interface.storyboard;
			sourceTree = "<group>";
		};
/* End PBXVariantGroup section */

/* Begin XCBuildConfiguration section */
		960948842043B3C3009086CE /* Debug */ = {
			isa = XCBuildConfiguration;
			buildSettings = {
				CLANG_ENABLE_MODULES = YES;
				CODE_SIGN_IDENTITY = "";
				CODE_SIGN_STYLE = Automatic;
				CURRENT_PROJECT_VERSION = 1;
				DEFINES_MODULE = YES;
				DEVELOPMENT_TEAM = 2GPQ8GE99T;
				DYLIB_COMPATIBILITY_VERSION = 1;
				DYLIB_CURRENT_VERSION = 1;
				DYLIB_INSTALL_NAME_BASE = "@rpath";
				INFOPLIST_FILE = SmashUIKit/Info.plist;
				INSTALL_PATH = "$(LOCAL_LIBRARY_DIR)/Frameworks";
				IPHONEOS_DEPLOYMENT_TARGET = 12.0;
				LD_RUNPATH_SEARCH_PATHS = "$(inherited) @executable_path/Frameworks @loader_path/Frameworks";
				PRODUCT_BUNDLE_IDENTIFIER = com.JYJApps.SmashUIKit;
				PRODUCT_NAME = "$(TARGET_NAME:c99extidentifier)";
				SKIP_INSTALL = YES;
				SWIFT_OPTIMIZATION_LEVEL = "-Onone";
				SWIFT_VERSION = 4.2;
				TARGETED_DEVICE_FAMILY = "1,2";
				VERSIONING_SYSTEM = "apple-generic";
				VERSION_INFO_PREFIX = "";
			};
			name = Debug;
		};
		960948852043B3C3009086CE /* Release */ = {
			isa = XCBuildConfiguration;
			buildSettings = {
				CLANG_ENABLE_MODULES = YES;
				CODE_SIGN_IDENTITY = "";
				CODE_SIGN_STYLE = Automatic;
				CURRENT_PROJECT_VERSION = 1;
				DEFINES_MODULE = YES;
				DEVELOPMENT_TEAM = 2GPQ8GE99T;
				DYLIB_COMPATIBILITY_VERSION = 1;
				DYLIB_CURRENT_VERSION = 1;
				DYLIB_INSTALL_NAME_BASE = "@rpath";
				INFOPLIST_FILE = SmashUIKit/Info.plist;
				INSTALL_PATH = "$(LOCAL_LIBRARY_DIR)/Frameworks";
				IPHONEOS_DEPLOYMENT_TARGET = 12.0;
				LD_RUNPATH_SEARCH_PATHS = "$(inherited) @executable_path/Frameworks @loader_path/Frameworks";
				PRODUCT_BUNDLE_IDENTIFIER = com.JYJApps.SmashUIKit;
				PRODUCT_NAME = "$(TARGET_NAME:c99extidentifier)";
				SKIP_INSTALL = YES;
				SWIFT_VERSION = 4.2;
				TARGETED_DEVICE_FAMILY = "1,2";
				VERSIONING_SYSTEM = "apple-generic";
				VERSION_INFO_PREFIX = "";
			};
			name = Release;
		};
		961C8BEC218CC5A300542CD6 /* Debug */ = {
			isa = XCBuildConfiguration;
			baseConfigurationReference = E6935E7A12165B6645C7947A /* Pods-SmashKitWatch.debug.xcconfig */;
			buildSettings = {
				APPLICATION_EXTENSION_API_ONLY = YES;
				CLANG_ENABLE_OBJC_WEAK = YES;
				CODE_SIGN_IDENTITY = "";
				CODE_SIGN_STYLE = Automatic;
				CURRENT_PROJECT_VERSION = 1;
				DEFINES_MODULE = YES;
				DEVELOPMENT_TEAM = 2GPQ8GE99T;
				DYLIB_COMPATIBILITY_VERSION = 1;
				DYLIB_CURRENT_VERSION = 1;
				DYLIB_INSTALL_NAME_BASE = "@rpath";
				INFOPLIST_FILE = SmashKitWatch/Info.plist;
				INSTALL_PATH = "$(LOCAL_LIBRARY_DIR)/Frameworks";
				LD_RUNPATH_SEARCH_PATHS = "$(inherited) @executable_path/Frameworks @loader_path/Frameworks";
				MTL_ENABLE_DEBUG_INFO = INCLUDE_SOURCE;
				MTL_FAST_MATH = YES;
				PRODUCT_BUNDLE_IDENTIFIER = com.JYJApps.SmashKitWatch;
				PRODUCT_NAME = "$(TARGET_NAME:c99extidentifier)";
				SDKROOT = watchos;
				SKIP_INSTALL = YES;
				SWIFT_VERSION = 4.2;
				TARGETED_DEVICE_FAMILY = 4;
				VERSIONING_SYSTEM = "apple-generic";
				VERSION_INFO_PREFIX = "";
				WATCHOS_DEPLOYMENT_TARGET = 5.0;
			};
			name = Debug;
		};
		961C8BED218CC5A300542CD6 /* Release */ = {
			isa = XCBuildConfiguration;
			baseConfigurationReference = 9F1C07A5DF225CB1F5AE4E29 /* Pods-SmashKitWatch.release.xcconfig */;
			buildSettings = {
				APPLICATION_EXTENSION_API_ONLY = YES;
				CLANG_ENABLE_OBJC_WEAK = YES;
				CODE_SIGN_IDENTITY = "";
				CODE_SIGN_STYLE = Automatic;
				CURRENT_PROJECT_VERSION = 1;
				DEFINES_MODULE = YES;
				DEVELOPMENT_TEAM = 2GPQ8GE99T;
				DYLIB_COMPATIBILITY_VERSION = 1;
				DYLIB_CURRENT_VERSION = 1;
				DYLIB_INSTALL_NAME_BASE = "@rpath";
				INFOPLIST_FILE = SmashKitWatch/Info.plist;
				INSTALL_PATH = "$(LOCAL_LIBRARY_DIR)/Frameworks";
				LD_RUNPATH_SEARCH_PATHS = "$(inherited) @executable_path/Frameworks @loader_path/Frameworks";
				MTL_FAST_MATH = YES;
				PRODUCT_BUNDLE_IDENTIFIER = com.JYJApps.SmashKitWatch;
				PRODUCT_NAME = "$(TARGET_NAME:c99extidentifier)";
				SDKROOT = watchos;
				SKIP_INSTALL = YES;
				SWIFT_VERSION = 4.2;
				TARGETED_DEVICE_FAMILY = 4;
				VERSIONING_SYSTEM = "apple-generic";
				VERSION_INFO_PREFIX = "";
				WATCHOS_DEPLOYMENT_TARGET = 5.0;
			};
			name = Release;
		};
		964663892040E6B20011C908 /* Debug */ = {
			isa = XCBuildConfiguration;
			buildSettings = {
				ALWAYS_SEARCH_USER_PATHS = NO;
				CLANG_ANALYZER_NONNULL = YES;
				CLANG_ANALYZER_NUMBER_OBJECT_CONVERSION = YES_AGGRESSIVE;
				CLANG_CXX_LANGUAGE_STANDARD = "gnu++14";
				CLANG_CXX_LIBRARY = "libc++";
				CLANG_ENABLE_MODULES = YES;
				CLANG_ENABLE_OBJC_ARC = YES;
				CLANG_WARN_BLOCK_CAPTURE_AUTORELEASING = YES;
				CLANG_WARN_BOOL_CONVERSION = YES;
				CLANG_WARN_COMMA = YES;
				CLANG_WARN_CONSTANT_CONVERSION = YES;
				CLANG_WARN_DEPRECATED_OBJC_IMPLEMENTATIONS = YES;
				CLANG_WARN_DIRECT_OBJC_ISA_USAGE = YES_ERROR;
				CLANG_WARN_DOCUMENTATION_COMMENTS = YES;
				CLANG_WARN_EMPTY_BODY = YES;
				CLANG_WARN_ENUM_CONVERSION = YES;
				CLANG_WARN_INFINITE_RECURSION = YES;
				CLANG_WARN_INT_CONVERSION = YES;
				CLANG_WARN_NON_LITERAL_NULL_CONVERSION = YES;
				CLANG_WARN_OBJC_IMPLICIT_RETAIN_SELF = YES;
				CLANG_WARN_OBJC_LITERAL_CONVERSION = YES;
				CLANG_WARN_OBJC_ROOT_CLASS = YES_ERROR;
				CLANG_WARN_RANGE_LOOP_ANALYSIS = YES;
				CLANG_WARN_STRICT_PROTOTYPES = YES;
				CLANG_WARN_SUSPICIOUS_MOVE = YES;
				CLANG_WARN_UNGUARDED_AVAILABILITY = YES_AGGRESSIVE;
				CLANG_WARN_UNREACHABLE_CODE = YES;
				CLANG_WARN__DUPLICATE_METHOD_MATCH = YES;
				CODE_SIGN_IDENTITY = "iPhone Developer";
				COPY_PHASE_STRIP = NO;
				DEBUG_INFORMATION_FORMAT = dwarf;
				ENABLE_STRICT_OBJC_MSGSEND = YES;
				ENABLE_TESTABILITY = YES;
				GCC_C_LANGUAGE_STANDARD = gnu11;
				GCC_DYNAMIC_NO_PIC = NO;
				GCC_NO_COMMON_BLOCKS = YES;
				GCC_OPTIMIZATION_LEVEL = 0;
				GCC_PREPROCESSOR_DEFINITIONS = (
					"DEBUG=1",
					"$(inherited)",
				);
				GCC_WARN_64_TO_32_BIT_CONVERSION = YES;
				GCC_WARN_ABOUT_RETURN_TYPE = YES_ERROR;
				GCC_WARN_UNDECLARED_SELECTOR = YES;
				GCC_WARN_UNINITIALIZED_AUTOS = YES_AGGRESSIVE;
				GCC_WARN_UNUSED_FUNCTION = YES;
				GCC_WARN_UNUSED_VARIABLE = YES;
				IPHONEOS_DEPLOYMENT_TARGET = 11.2;
				MTL_ENABLE_DEBUG_INFO = YES;
				ONLY_ACTIVE_ARCH = YES;
				SDKROOT = iphoneos;
				SWIFT_ACTIVE_COMPILATION_CONDITIONS = DEBUG;
				SWIFT_OPTIMIZATION_LEVEL = "-Onone";
			};
			name = Debug;
		};
		9646638A2040E6B20011C908 /* Release */ = {
			isa = XCBuildConfiguration;
			buildSettings = {
				ALWAYS_SEARCH_USER_PATHS = NO;
				CLANG_ANALYZER_NONNULL = YES;
				CLANG_ANALYZER_NUMBER_OBJECT_CONVERSION = YES_AGGRESSIVE;
				CLANG_CXX_LANGUAGE_STANDARD = "gnu++14";
				CLANG_CXX_LIBRARY = "libc++";
				CLANG_ENABLE_MODULES = YES;
				CLANG_ENABLE_OBJC_ARC = YES;
				CLANG_WARN_BLOCK_CAPTURE_AUTORELEASING = YES;
				CLANG_WARN_BOOL_CONVERSION = YES;
				CLANG_WARN_COMMA = YES;
				CLANG_WARN_CONSTANT_CONVERSION = YES;
				CLANG_WARN_DEPRECATED_OBJC_IMPLEMENTATIONS = YES;
				CLANG_WARN_DIRECT_OBJC_ISA_USAGE = YES_ERROR;
				CLANG_WARN_DOCUMENTATION_COMMENTS = YES;
				CLANG_WARN_EMPTY_BODY = YES;
				CLANG_WARN_ENUM_CONVERSION = YES;
				CLANG_WARN_INFINITE_RECURSION = YES;
				CLANG_WARN_INT_CONVERSION = YES;
				CLANG_WARN_NON_LITERAL_NULL_CONVERSION = YES;
				CLANG_WARN_OBJC_IMPLICIT_RETAIN_SELF = YES;
				CLANG_WARN_OBJC_LITERAL_CONVERSION = YES;
				CLANG_WARN_OBJC_ROOT_CLASS = YES_ERROR;
				CLANG_WARN_RANGE_LOOP_ANALYSIS = YES;
				CLANG_WARN_STRICT_PROTOTYPES = YES;
				CLANG_WARN_SUSPICIOUS_MOVE = YES;
				CLANG_WARN_UNGUARDED_AVAILABILITY = YES_AGGRESSIVE;
				CLANG_WARN_UNREACHABLE_CODE = YES;
				CLANG_WARN__DUPLICATE_METHOD_MATCH = YES;
				CODE_SIGN_IDENTITY = "iPhone Developer";
				COPY_PHASE_STRIP = NO;
				DEBUG_INFORMATION_FORMAT = "dwarf-with-dsym";
				ENABLE_NS_ASSERTIONS = NO;
				ENABLE_STRICT_OBJC_MSGSEND = YES;
				GCC_C_LANGUAGE_STANDARD = gnu11;
				GCC_NO_COMMON_BLOCKS = YES;
				GCC_WARN_64_TO_32_BIT_CONVERSION = YES;
				GCC_WARN_ABOUT_RETURN_TYPE = YES_ERROR;
				GCC_WARN_UNDECLARED_SELECTOR = YES;
				GCC_WARN_UNINITIALIZED_AUTOS = YES_AGGRESSIVE;
				GCC_WARN_UNUSED_FUNCTION = YES;
				GCC_WARN_UNUSED_VARIABLE = YES;
				IPHONEOS_DEPLOYMENT_TARGET = 11.2;
				MTL_ENABLE_DEBUG_INFO = NO;
				SDKROOT = iphoneos;
				SWIFT_OPTIMIZATION_LEVEL = "-Owholemodule";
				VALIDATE_PRODUCT = YES;
			};
			name = Release;
		};
		9646638C2040E6B20011C908 /* Debug */ = {
			isa = XCBuildConfiguration;
			baseConfigurationReference = 8B1CE01F9736D4E4CF66584E /* Pods-Smash.debug.xcconfig */;
			buildSettings = {
				ALWAYS_EMBED_SWIFT_STANDARD_LIBRARIES = YES;
				ASSETCATALOG_COMPILER_APPICON_NAME = AppIcon;
				CODE_SIGN_STYLE = Automatic;
				DEVELOPMENT_TEAM = 2GPQ8GE99T;
				INFOPLIST_FILE = "$(SRCROOT)/Smash/Utilities/Info.plist";
				IPHONEOS_DEPLOYMENT_TARGET = 12.0;
				LD_RUNPATH_SEARCH_PATHS = "$(inherited) @executable_path/Frameworks";
				PRODUCT_BUNDLE_IDENTIFIER = com.JYJApps.Smash;
				PRODUCT_NAME = "$(TARGET_NAME)";
				SWIFT_VERSION = 4.2;
				TARGETED_DEVICE_FAMILY = "1,2";
			};
			name = Debug;
		};
		9646638D2040E6B20011C908 /* Release */ = {
			isa = XCBuildConfiguration;
			baseConfigurationReference = 66795013838C4CDCF7DD0259 /* Pods-Smash.release.xcconfig */;
			buildSettings = {
				ALWAYS_EMBED_SWIFT_STANDARD_LIBRARIES = YES;
				ASSETCATALOG_COMPILER_APPICON_NAME = AppIcon;
				CODE_SIGN_STYLE = Automatic;
				DEVELOPMENT_TEAM = 2GPQ8GE99T;
				INFOPLIST_FILE = "$(SRCROOT)/Smash/Utilities/Info.plist";
				IPHONEOS_DEPLOYMENT_TARGET = 12.0;
				LD_RUNPATH_SEARCH_PATHS = "$(inherited) @executable_path/Frameworks";
				PRODUCT_BUNDLE_IDENTIFIER = com.JYJApps.Smash;
				PRODUCT_NAME = "$(TARGET_NAME)";
				SWIFT_VERSION = 4.2;
				TARGETED_DEVICE_FAMILY = "1,2";
			};
			name = Release;
		};
		9646639C2040E7F20011C908 /* Debug */ = {
			isa = XCBuildConfiguration;
			baseConfigurationReference = ED739E0D57EE68B54CC39F70 /* Pods-SmashKit.debug.xcconfig */;
			buildSettings = {
				CLANG_ENABLE_MODULES = YES;
				CODE_SIGN_IDENTITY = "";
				CODE_SIGN_STYLE = Automatic;
				CURRENT_PROJECT_VERSION = 1;
				DEFINES_MODULE = YES;
				DEVELOPMENT_TEAM = 2GPQ8GE99T;
				DYLIB_COMPATIBILITY_VERSION = 1;
				DYLIB_CURRENT_VERSION = 1;
				DYLIB_INSTALL_NAME_BASE = "@rpath";
				INFOPLIST_FILE = SmashKit/Info.plist;
				INSTALL_PATH = "$(LOCAL_LIBRARY_DIR)/Frameworks";
				IPHONEOS_DEPLOYMENT_TARGET = 12.0;
				LD_RUNPATH_SEARCH_PATHS = "$(inherited) @executable_path/Frameworks @loader_path/Frameworks";
				PRODUCT_BUNDLE_IDENTIFIER = com.JYJApps.SmashKit;
				PRODUCT_NAME = "$(TARGET_NAME:c99extidentifier)";
				SKIP_INSTALL = YES;
				SWIFT_OPTIMIZATION_LEVEL = "-Onone";
				SWIFT_VERSION = 4.2;
				TARGETED_DEVICE_FAMILY = "1,2";
				VERSIONING_SYSTEM = "apple-generic";
				VERSION_INFO_PREFIX = "";
			};
			name = Debug;
		};
		9646639D2040E7F20011C908 /* Release */ = {
			isa = XCBuildConfiguration;
			baseConfigurationReference = 0F2A091F09B58E6526ACE7E5 /* Pods-SmashKit.release.xcconfig */;
			buildSettings = {
				CLANG_ENABLE_MODULES = YES;
				CODE_SIGN_IDENTITY = "";
				CODE_SIGN_STYLE = Automatic;
				CURRENT_PROJECT_VERSION = 1;
				DEFINES_MODULE = YES;
				DEVELOPMENT_TEAM = 2GPQ8GE99T;
				DYLIB_COMPATIBILITY_VERSION = 1;
				DYLIB_CURRENT_VERSION = 1;
				DYLIB_INSTALL_NAME_BASE = "@rpath";
				INFOPLIST_FILE = SmashKit/Info.plist;
				INSTALL_PATH = "$(LOCAL_LIBRARY_DIR)/Frameworks";
				IPHONEOS_DEPLOYMENT_TARGET = 12.0;
				LD_RUNPATH_SEARCH_PATHS = "$(inherited) @executable_path/Frameworks @loader_path/Frameworks";
				PRODUCT_BUNDLE_IDENTIFIER = com.JYJApps.SmashKit;
				PRODUCT_NAME = "$(TARGET_NAME:c99extidentifier)";
				SKIP_INSTALL = YES;
				SWIFT_VERSION = 4.2;
				TARGETED_DEVICE_FAMILY = "1,2";
				VERSIONING_SYSTEM = "apple-generic";
				VERSION_INFO_PREFIX = "";
			};
			name = Release;
		};
		9698636D218BDF9900F78A1B /* Debug */ = {
			isa = XCBuildConfiguration;
			baseConfigurationReference = 997E851DD14DE014B4D9283F /* Pods-SmashWatch Extension.debug.xcconfig */;
			buildSettings = {
				ASSETCATALOG_COMPILER_COMPLICATION_NAME = Complication;
				CLANG_ENABLE_OBJC_WEAK = YES;
				CODE_SIGN_STYLE = Automatic;
				DEVELOPMENT_TEAM = 2GPQ8GE99T;
				INFOPLIST_FILE = "$(SRCROOT)/SmashWatch Extension/Utilities/Info.plist";
				LD_RUNPATH_SEARCH_PATHS = "$(inherited) @executable_path/Frameworks @executable_path/../../Frameworks";
				MTL_ENABLE_DEBUG_INFO = INCLUDE_SOURCE;
				MTL_FAST_MATH = YES;
				PRODUCT_BUNDLE_IDENTIFIER = com.JYJApps.Smash.watchkitapp.watchkitextension;
				PRODUCT_NAME = "${TARGET_NAME}";
				SDKROOT = watchos;
				SKIP_INSTALL = YES;
				SWIFT_VERSION = 4.2;
				TARGETED_DEVICE_FAMILY = 4;
				WATCHOS_DEPLOYMENT_TARGET = 5.0;
			};
			name = Debug;
		};
		9698636E218BDF9900F78A1B /* Release */ = {
			isa = XCBuildConfiguration;
			baseConfigurationReference = A71FC007B7454C83041C2089 /* Pods-SmashWatch Extension.release.xcconfig */;
			buildSettings = {
				ASSETCATALOG_COMPILER_COMPLICATION_NAME = Complication;
				CLANG_ENABLE_OBJC_WEAK = YES;
				CODE_SIGN_STYLE = Automatic;
				DEVELOPMENT_TEAM = 2GPQ8GE99T;
				INFOPLIST_FILE = "$(SRCROOT)/SmashWatch Extension/Utilities/Info.plist";
				LD_RUNPATH_SEARCH_PATHS = "$(inherited) @executable_path/Frameworks @executable_path/../../Frameworks";
				MTL_FAST_MATH = YES;
				PRODUCT_BUNDLE_IDENTIFIER = com.JYJApps.Smash.watchkitapp.watchkitextension;
				PRODUCT_NAME = "${TARGET_NAME}";
				SDKROOT = watchos;
				SKIP_INSTALL = YES;
				SWIFT_VERSION = 4.2;
				TARGETED_DEVICE_FAMILY = 4;
				WATCHOS_DEPLOYMENT_TARGET = 5.0;
			};
			name = Release;
		};
		96986371218BDF9900F78A1B /* Debug */ = {
			isa = XCBuildConfiguration;
			buildSettings = {
				ALWAYS_EMBED_SWIFT_STANDARD_LIBRARIES = YES;
				ASSETCATALOG_COMPILER_APPICON_NAME = AppIcon;
				CLANG_ENABLE_OBJC_WEAK = YES;
				CODE_SIGN_STYLE = Automatic;
				DEVELOPMENT_TEAM = 2GPQ8GE99T;
				IBSC_MODULE = SmashWatch_Extension;
				INFOPLIST_FILE = SmashWatch/Info.plist;
				MTL_ENABLE_DEBUG_INFO = INCLUDE_SOURCE;
				MTL_FAST_MATH = YES;
				PRODUCT_BUNDLE_IDENTIFIER = com.JYJApps.Smash.watchkitapp;
				PRODUCT_NAME = "$(TARGET_NAME)";
				SDKROOT = watchos;
				SKIP_INSTALL = YES;
				SWIFT_VERSION = 4.2;
				TARGETED_DEVICE_FAMILY = 4;
				WATCHOS_DEPLOYMENT_TARGET = 5.0;
			};
			name = Debug;
		};
		96986372218BDF9900F78A1B /* Release */ = {
			isa = XCBuildConfiguration;
			buildSettings = {
				ALWAYS_EMBED_SWIFT_STANDARD_LIBRARIES = YES;
				ASSETCATALOG_COMPILER_APPICON_NAME = AppIcon;
				CLANG_ENABLE_OBJC_WEAK = YES;
				CODE_SIGN_STYLE = Automatic;
				DEVELOPMENT_TEAM = 2GPQ8GE99T;
				IBSC_MODULE = SmashWatch_Extension;
				INFOPLIST_FILE = SmashWatch/Info.plist;
				MTL_FAST_MATH = YES;
				PRODUCT_BUNDLE_IDENTIFIER = com.JYJApps.Smash.watchkitapp;
				PRODUCT_NAME = "$(TARGET_NAME)";
				SDKROOT = watchos;
				SKIP_INSTALL = YES;
				SWIFT_VERSION = 4.2;
				TARGETED_DEVICE_FAMILY = 4;
				WATCHOS_DEPLOYMENT_TARGET = 5.0;
			};
			name = Release;
		};
/* End XCBuildConfiguration section */

/* Begin XCConfigurationList section */
		960948832043B3C3009086CE /* Build configuration list for PBXNativeTarget "SmashUIKit" */ = {
			isa = XCConfigurationList;
			buildConfigurations = (
				960948842043B3C3009086CE /* Debug */,
				960948852043B3C3009086CE /* Release */,
			);
			defaultConfigurationIsVisible = 0;
			defaultConfigurationName = Release;
		};
		961C8BEB218CC5A300542CD6 /* Build configuration list for PBXNativeTarget "SmashKitWatch" */ = {
			isa = XCConfigurationList;
			buildConfigurations = (
				961C8BEC218CC5A300542CD6 /* Debug */,
				961C8BED218CC5A300542CD6 /* Release */,
			);
			defaultConfigurationIsVisible = 0;
			defaultConfigurationName = Release;
		};
		964663712040E6B20011C908 /* Build configuration list for PBXProject "Smash" */ = {
			isa = XCConfigurationList;
			buildConfigurations = (
				964663892040E6B20011C908 /* Debug */,
				9646638A2040E6B20011C908 /* Release */,
			);
			defaultConfigurationIsVisible = 0;
			defaultConfigurationName = Release;
		};
		9646638B2040E6B20011C908 /* Build configuration list for PBXNativeTarget "Smash" */ = {
			isa = XCConfigurationList;
			buildConfigurations = (
				9646638C2040E6B20011C908 /* Debug */,
				9646638D2040E6B20011C908 /* Release */,
			);
			defaultConfigurationIsVisible = 0;
			defaultConfigurationName = Release;
		};
		9646639E2040E7F20011C908 /* Build configuration list for PBXNativeTarget "SmashKit" */ = {
			isa = XCConfigurationList;
			buildConfigurations = (
				9646639C2040E7F20011C908 /* Debug */,
				9646639D2040E7F20011C908 /* Release */,
			);
			defaultConfigurationIsVisible = 0;
			defaultConfigurationName = Release;
		};
		9698636C218BDF9900F78A1B /* Build configuration list for PBXNativeTarget "SmashWatch Extension" */ = {
			isa = XCConfigurationList;
			buildConfigurations = (
				9698636D218BDF9900F78A1B /* Debug */,
				9698636E218BDF9900F78A1B /* Release */,
			);
			defaultConfigurationIsVisible = 0;
			defaultConfigurationName = Release;
		};
		96986370218BDF9900F78A1B /* Build configuration list for PBXNativeTarget "SmashWatch" */ = {
			isa = XCConfigurationList;
			buildConfigurations = (
				96986371218BDF9900F78A1B /* Debug */,
				96986372218BDF9900F78A1B /* Release */,
			);
			defaultConfigurationIsVisible = 0;
			defaultConfigurationName = Release;
		};
/* End XCConfigurationList section */

/* Begin XCVersionGroup section */
		96C29DD42048CF7900E1FBC1 /* Model.xcdatamodeld */ = {
			isa = XCVersionGroup;
			children = (
				96C29DD52048CF7900E1FBC1 /* Model.xcdatamodel */,
			);
			currentVersion = 96C29DD52048CF7900E1FBC1 /* Model.xcdatamodel */;
			path = Model.xcdatamodeld;
			sourceTree = "<group>";
			versionGroupType = wrapper.xcdatamodel;
		};
/* End XCVersionGroup section */
	};
	rootObject = 9646636E2040E6B20011C908 /* Project object */;
}
